// !$*UTF8*$!
{
	archiveVersion = 1;
	classes = {
	};
	objectVersion = 48;
	objects = {

/* Begin PBXBuildFile section */
		30113CE51FD6E39100309742 /* AuthService.swift in Sources */ = {isa = PBXBuildFile; fileRef = 30113CE41FD6E39100309742 /* AuthService.swift */; };
		301C4EED1FA849CB00E54F47 /* VKontakteAPI.swift in Sources */ = {isa = PBXBuildFile; fileRef = 301C4EEC1FA849CB00E54F47 /* VKontakteAPI.swift */; };
		301C4EEF1FA85C7300E54F47 /* Photo.swift in Sources */ = {isa = PBXBuildFile; fileRef = 301C4EEE1FA85C7300E54F47 /* Photo.swift */; };
		303A7CAE200F3ADC00F34E2B /* AlertShower.swift in Sources */ = {isa = PBXBuildFile; fileRef = 303A7CAD200F3ADC00F34E2B /* AlertShower.swift */; };
		303A7CB1200F758800F34E2B /* NewsWithoutPhotoTableViewCell.swift in Sources */ = {isa = PBXBuildFile; fileRef = 303A7CAF200F758700F34E2B /* NewsWithoutPhotoTableViewCell.swift */; };
		303A7CB2200F758800F34E2B /* NewsWithoutPhotoTableViewCell.xib in Resources */ = {isa = PBXBuildFile; fileRef = 303A7CB0200F758800F34E2B /* NewsWithoutPhotoTableViewCell.xib */; };
		303A7CB72010EE5D00F34E2B /* GroupMembers.swift in Sources */ = {isa = PBXBuildFile; fileRef = 303A7CB62010EE5D00F34E2B /* GroupMembers.swift */; };
		303A7CB92010EED300F34E2B /* VKConstants.swift in Sources */ = {isa = PBXBuildFile; fileRef = 303A7CB82010EED300F34E2B /* VKConstants.swift */; };
		304458361F97794700D694BA /* FriendsTableViewController.swift in Sources */ = {isa = PBXBuildFile; fileRef = 304458351F97794700D694BA /* FriendsTableViewController.swift */; };
		304458381F977A4C00D694BA /* Constants.swift in Sources */ = {isa = PBXBuildFile; fileRef = 304458371F977A4C00D694BA /* Constants.swift */; };
		305016AF2049321A00367A53 /* LastNewsWatch.swift in Sources */ = {isa = PBXBuildFile; fileRef = 305016AE2049321A00367A53 /* LastNewsWatch.swift */; };
		305016B0204932D100367A53 /* LastNewsWatch.swift in Sources */ = {isa = PBXBuildFile; fileRef = 305016AE2049321A00367A53 /* LastNewsWatch.swift */; };
		30726DEC2036B79600E2AE73 /* ChatViewController.swift in Sources */ = {isa = PBXBuildFile; fileRef = 30726DEB2036B79600E2AE73 /* ChatViewController.swift */; };
		30726DEF2036B9BA00E2AE73 /* SenderChatTableViewCell.swift in Sources */ = {isa = PBXBuildFile; fileRef = 30726DED2036B9BA00E2AE73 /* SenderChatTableViewCell.swift */; };
		30726DF02036B9BA00E2AE73 /* SenderChatTableViewCell.xib in Resources */ = {isa = PBXBuildFile; fileRef = 30726DEE2036B9BA00E2AE73 /* SenderChatTableViewCell.xib */; };
		30726DF22036FCEC00E2AE73 /* Message.swift in Sources */ = {isa = PBXBuildFile; fileRef = 30726DF12036FCEC00E2AE73 /* Message.swift */; };
		30726DF5203708F000E2AE73 /* ReceiverChatTableViewCell.swift in Sources */ = {isa = PBXBuildFile; fileRef = 30726DF3203708EF00E2AE73 /* ReceiverChatTableViewCell.swift */; };
		30726DF6203708F000E2AE73 /* ReceiverChatTableViewCell.xib in Resources */ = {isa = PBXBuildFile; fileRef = 30726DF4203708F000E2AE73 /* ReceiverChatTableViewCell.xib */; };
		30726DF820370C7D00E2AE73 /* ChatCell.swift in Sources */ = {isa = PBXBuildFile; fileRef = 30726DF720370C7D00E2AE73 /* ChatCell.swift */; };
		308A6ECA2044136600548D73 /* Messages.framework in Frameworks */ = {isa = PBXBuildFile; fileRef = 308A6EC92044136600548D73 /* Messages.framework */; };
		308A6ECD2044136700548D73 /* MessagesViewController.swift in Sources */ = {isa = PBXBuildFile; fileRef = 308A6ECC2044136700548D73 /* MessagesViewController.swift */; };
		308A6ED02044136700548D73 /* MainInterface.storyboard in Resources */ = {isa = PBXBuildFile; fileRef = 308A6ECE2044136700548D73 /* MainInterface.storyboard */; };
		308A6ED22044136700548D73 /* Assets.xcassets in Resources */ = {isa = PBXBuildFile; fileRef = 308A6ED12044136700548D73 /* Assets.xcassets */; };
		308A6ED62044136700548D73 /* iMessageExtensionPost.appex in Embed App Extensions */ = {isa = PBXBuildFile; fileRef = 308A6EC82044136600548D73 /* iMessageExtensionPost.appex */; settings = {ATTRIBUTES = (RemoveHeadersOnCopy, ); }; };
		308A6EDB2044398600548D73 /* MessageViewCell.swift in Sources */ = {isa = PBXBuildFile; fileRef = 308A6EDA2044398600548D73 /* MessageViewCell.swift */; };
		308A6EDC20444C6B00548D73 /* Assets.xcassets in Resources */ = {isa = PBXBuildFile; fileRef = 30E8D7B01F949AD300B57F00 /* Assets.xcassets */; };
		308A6EDF2045543C00548D73 /* LastNews.swift in Sources */ = {isa = PBXBuildFile; fileRef = 308A6EDE2045543C00548D73 /* LastNews.swift */; };
		308A6EE1204563B900548D73 /* LastNews.swift in Sources */ = {isa = PBXBuildFile; fileRef = 308A6EDE2045543C00548D73 /* LastNews.swift */; };
		308DB9AC2047FB72008DEE7C /* NewsRow.swift in Sources */ = {isa = PBXBuildFile; fileRef = 308DB9AB2047FB72008DEE7C /* NewsRow.swift */; };
		308DB9AD204802B3008DEE7C /* Interface.storyboard in Resources */ = {isa = PBXBuildFile; fileRef = BDD79BC22045E8B000CEA7EF /* Interface.storyboard */; };
		3099BC662003A78100511A5E /* NewsTableViewController.swift in Sources */ = {isa = PBXBuildFile; fileRef = 3099BC652003A78100511A5E /* NewsTableViewController.swift */; };
		3099BC6D2003AF8E00511A5E /* NewsWithPhotoTableViewCell.swift in Sources */ = {isa = PBXBuildFile; fileRef = 3099BC6B2003AF8E00511A5E /* NewsWithPhotoTableViewCell.swift */; };
		3099BC6E2003AF8E00511A5E /* NewsWithPhotoTableViewCell.xib in Resources */ = {isa = PBXBuildFile; fileRef = 3099BC6C2003AF8E00511A5E /* NewsWithPhotoTableViewCell.xib */; };
		3099BC742003C65300511A5E /* NewsCell.swift in Sources */ = {isa = PBXBuildFile; fileRef = 3099BC732003C65300511A5E /* NewsCell.swift */; };
		30A3C57A2011F17700B36F78 /* Views.swift in Sources */ = {isa = PBXBuildFile; fileRef = 30A3C5792011F17700B36F78 /* Views.swift */; };
		30A3C57D20123BD000B36F78 /* IntExtension.swift in Sources */ = {isa = PBXBuildFile; fileRef = 30A3C57C20123BD000B36F78 /* IntExtension.swift */; };
		30A3C5822019BB0A00B36F78 /* StoryboardExtension.swift in Sources */ = {isa = PBXBuildFile; fileRef = 30A3C5812019BB0A00B36F78 /* StoryboardExtension.swift */; };
		30CAFB1E1F9F3F68002D0BB1 /* FriendPhotoCollectionViewController.swift in Sources */ = {isa = PBXBuildFile; fileRef = 30CAFB1D1F9F3F68002D0BB1 /* FriendPhotoCollectionViewController.swift */; };
		30CAFB201F9F49A8002D0BB1 /* UserGroupsTableViewController.swift in Sources */ = {isa = PBXBuildFile; fileRef = 30CAFB1F1F9F49A8002D0BB1 /* UserGroupsTableViewController.swift */; };
		30CAFB241F9F4C13002D0BB1 /* UserGroupTableViewCell.swift in Sources */ = {isa = PBXBuildFile; fileRef = 30CAFB231F9F4C13002D0BB1 /* UserGroupTableViewCell.swift */; };
		30CAFB261F9F4C25002D0BB1 /* GroupTableViewCell.swift in Sources */ = {isa = PBXBuildFile; fileRef = 30CAFB251F9F4C25002D0BB1 /* GroupTableViewCell.swift */; };
		30CAFB281F9F4E00002D0BB1 /* GroupsTableViewController.swift in Sources */ = {isa = PBXBuildFile; fileRef = 30CAFB271F9F4E00002D0BB1 /* GroupsTableViewController.swift */; };
		30D5C8F42022F31D00025D66 /* CloudDatabase.swift in Sources */ = {isa = PBXBuildFile; fileRef = 30D5C8F32022F31D00025D66 /* CloudDatabase.swift */; };
		30E8D7AA1F949AD200B57F00 /* AppDelegate.swift in Sources */ = {isa = PBXBuildFile; fileRef = 30E8D7A91F949AD200B57F00 /* AppDelegate.swift */; };
		30E8D7AC1F949AD300B57F00 /* LoginViewController.swift in Sources */ = {isa = PBXBuildFile; fileRef = 30E8D7AB1F949AD300B57F00 /* LoginViewController.swift */; };
		30E8D7AF1F949AD300B57F00 /* Main.storyboard in Resources */ = {isa = PBXBuildFile; fileRef = 30E8D7AD1F949AD300B57F00 /* Main.storyboard */; };
		30E8D7B11F949AD300B57F00 /* Assets.xcassets in Resources */ = {isa = PBXBuildFile; fileRef = 30E8D7B01F949AD300B57F00 /* Assets.xcassets */; };
		30E8D7B41F949AD300B57F00 /* LaunchScreen.storyboard in Resources */ = {isa = PBXBuildFile; fileRef = 30E8D7B21F949AD300B57F00 /* LaunchScreen.storyboard */; };
		30EDBB30202061EC0007200A /* Profile.swift in Sources */ = {isa = PBXBuildFile; fileRef = 30EDBB2F202061EC0007200A /* Profile.swift */; };
		30EDBB3C2022E76F0007200A /* GoogleService-Info.plist in Resources */ = {isa = PBXBuildFile; fileRef = 30EDBB3B2022E76E0007200A /* GoogleService-Info.plist */; };
		30FFAD141F9F23B80026FFF9 /* User.swift in Sources */ = {isa = PBXBuildFile; fileRef = 30FFAD131F9F23B80026FFF9 /* User.swift */; };
		30FFAD161F9F29550026FFF9 /* FriendTableViewCell.swift in Sources */ = {isa = PBXBuildFile; fileRef = 30FFAD151F9F29550026FFF9 /* FriendTableViewCell.swift */; };
		30FFAD181F9F29750026FFF9 /* FriendCollectionViewCell.swift in Sources */ = {isa = PBXBuildFile; fileRef = 30FFAD171F9F29750026FFF9 /* FriendCollectionViewCell.swift */; };
		30FFAD1A1F9F37110026FFF9 /* Group.swift in Sources */ = {isa = PBXBuildFile; fileRef = 30FFAD191F9F37110026FFF9 /* Group.swift */; };
		3D22A6043FE0D68098F145EB /* Pods_FriendsTodayExtenstion.framework in Frameworks */ = {isa = PBXBuildFile; fileRef = 15E7848B34A1A8D6B3F3685B /* Pods_FriendsTodayExtenstion.framework */; };
		6ADE517EAB70770D3430778B /* Pods_MyApp.framework in Frameworks */ = {isa = PBXBuildFile; fileRef = 00A959F99CCDF6A5D5A1B7AC /* Pods_MyApp.framework */; };
		9E8291D81D90DB3CC8346EAA /* Pods_iMessageExtensionPost.framework in Frameworks */ = {isa = PBXBuildFile; fileRef = EEE960E9EE150CF479B26B98 /* Pods_iMessageExtensionPost.framework */; };
		BD1AF5281FD8579A00C83EBE /* AppState.swift in Sources */ = {isa = PBXBuildFile; fileRef = BD1AF5271FD8579A00C83EBE /* AppState.swift */; };
		BD2A37EF201A4CBA00141053 /* MainTabBarController.swift in Sources */ = {isa = PBXBuildFile; fileRef = BD2A37EE201A4CBA00141053 /* MainTabBarController.swift */; };
		BD2A4E911FE5AE300067CFAE /* AlbumPhoto.swift in Sources */ = {isa = PBXBuildFile; fileRef = BD2A4E901FE5AE300067CFAE /* AlbumPhoto.swift */; };
		BD2A4EB1200D516F0067CFAE /* Post_source.swift in Sources */ = {isa = PBXBuildFile; fileRef = BD2A4EA7200D516C0067CFAE /* Post_source.swift */; };
		BD2A4EB2200D516F0067CFAE /* Attachment.swift in Sources */ = {isa = PBXBuildFile; fileRef = BD2A4EA8200D516D0067CFAE /* Attachment.swift */; };
		BD2A4EB3200D516F0067CFAE /* Likes.swift in Sources */ = {isa = PBXBuildFile; fileRef = BD2A4EA9200D516D0067CFAE /* Likes.swift */; };
		BD2A4EB5200D516F0067CFAE /* Reposts.swift in Sources */ = {isa = PBXBuildFile; fileRef = BD2A4EAB200D516E0067CFAE /* Reposts.swift */; };
		BD2A4EB6200D516F0067CFAE /* News.swift in Sources */ = {isa = PBXBuildFile; fileRef = BD2A4EAC200D516E0067CFAE /* News.swift */; };
		BD2A4EB8200D516F0067CFAE /* Comments.swift in Sources */ = {isa = PBXBuildFile; fileRef = BD2A4EAE200D516E0067CFAE /* Comments.swift */; };
		BD2A4EB9200D516F0067CFAE /* NewsPhoto.swift in Sources */ = {isa = PBXBuildFile; fileRef = BD2A4EAF200D516F0067CFAE /* NewsPhoto.swift */; };
		BD2A4EBB200D52810067CFAE /* NewsResponse.swift in Sources */ = {isa = PBXBuildFile; fileRef = BD2A4EBA200D52810067CFAE /* NewsResponse.swift */; };
		BD2A4EBF200D5C370067CFAE /* Profiles.swift in Sources */ = {isa = PBXBuildFile; fileRef = BD2A4EBE200D5C370067CFAE /* Profiles.swift */; };
		BDC0BA18202FA975003131E9 /* NewPostViewController.swift in Sources */ = {isa = PBXBuildFile; fileRef = BDC0BA17202FA975003131E9 /* NewPostViewController.swift */; };
		BDD131C3203F0C7A00B01FBE /* NotificationCenter.framework in Frameworks */ = {isa = PBXBuildFile; fileRef = BDD131C2203F0C7A00B01FBE /* NotificationCenter.framework */; };
		BDD131C6203F0C7B00B01FBE /* TodayViewController.swift in Sources */ = {isa = PBXBuildFile; fileRef = BDD131C5203F0C7B00B01FBE /* TodayViewController.swift */; };
		BDD131C9203F0C7B00B01FBE /* MainInterface.storyboard in Resources */ = {isa = PBXBuildFile; fileRef = BDD131C7203F0C7B00B01FBE /* MainInterface.storyboard */; };
		BDD131CD203F0C7B00B01FBE /* FriendsTodayExtenstion.appex in Embed App Extensions */ = {isa = PBXBuildFile; fileRef = BDD131C1203F0C7A00B01FBE /* FriendsTodayExtenstion.appex */; settings = {ATTRIBUTES = (RemoveHeadersOnCopy, ); }; };
		BDD79B95204028AB00CEA7EF /* Assets.xcassets in Resources */ = {isa = PBXBuildFile; fileRef = 30E8D7B01F949AD300B57F00 /* Assets.xcassets */; };
		BDD79BC42045E8B000CEA7EF /* Interface.storyboard in Resources */ = {isa = PBXBuildFile; fileRef = BDD79BC22045E8B000CEA7EF /* Interface.storyboard */; };
		BDD79BC62045E8B000CEA7EF /* Assets.xcassets in Resources */ = {isa = PBXBuildFile; fileRef = BDD79BC52045E8B000CEA7EF /* Assets.xcassets */; };
		BDD79BCD2045E8B000CEA7EF /* Watch Extension.appex in Embed App Extensions */ = {isa = PBXBuildFile; fileRef = BDD79BCC2045E8B000CEA7EF /* Watch Extension.appex */; settings = {ATTRIBUTES = (RemoveHeadersOnCopy, ); }; };
		BDD79BD22045E8B000CEA7EF /* InterfaceController.swift in Sources */ = {isa = PBXBuildFile; fileRef = BDD79BD12045E8B000CEA7EF /* InterfaceController.swift */; };
		BDD79BD42045E8B000CEA7EF /* ExtensionDelegate.swift in Sources */ = {isa = PBXBuildFile; fileRef = BDD79BD32045E8B000CEA7EF /* ExtensionDelegate.swift */; };
		BDD79BD62045E8B000CEA7EF /* NotificationController.swift in Sources */ = {isa = PBXBuildFile; fileRef = BDD79BD52045E8B000CEA7EF /* NotificationController.swift */; };
		BDD79BD82045E8B000CEA7EF /* Assets.xcassets in Resources */ = {isa = PBXBuildFile; fileRef = BDD79BD72045E8B000CEA7EF /* Assets.xcassets */; };
		BDD79BDD2045E8B100CEA7EF /* Watch.app in Embed Watch Content */ = {isa = PBXBuildFile; fileRef = BDD79BC02045E8B000CEA7EF /* Watch.app */; };
		BDD79BE82045EA3700CEA7EF /* MyWCSession.swift in Sources */ = {isa = PBXBuildFile; fileRef = BDD79BE72045EA3700CEA7EF /* MyWCSession.swift */; };
/* End PBXBuildFile section */

/* Begin PBXContainerItemProxy section */
		308A6ED42044136700548D73 /* PBXContainerItemProxy */ = {
			isa = PBXContainerItemProxy;
			containerPortal = 30E8D79E1F949AD200B57F00 /* Project object */;
			proxyType = 1;
			remoteGlobalIDString = 308A6EC72044136600548D73;
			remoteInfo = iMessageExtensionPost;
		};
		BDD131CB203F0C7B00B01FBE /* PBXContainerItemProxy */ = {
			isa = PBXContainerItemProxy;
			containerPortal = 30E8D79E1F949AD200B57F00 /* Project object */;
			proxyType = 1;
			remoteGlobalIDString = BDD131C0203F0C7A00B01FBE;
			remoteInfo = FriendsTodayExtenstion;
		};
		BDD79BCE2045E8B000CEA7EF /* PBXContainerItemProxy */ = {
			isa = PBXContainerItemProxy;
			containerPortal = 30E8D79E1F949AD200B57F00 /* Project object */;
			proxyType = 1;
			remoteGlobalIDString = BDD79BCB2045E8B000CEA7EF;
			remoteInfo = "Watch Extension";
		};
		BDD79BDB2045E8B100CEA7EF /* PBXContainerItemProxy */ = {
			isa = PBXContainerItemProxy;
			containerPortal = 30E8D79E1F949AD200B57F00 /* Project object */;
			proxyType = 1;
			remoteGlobalIDString = BDD79BBF2045E8B000CEA7EF;
			remoteInfo = Watch;
		};
/* End PBXContainerItemProxy section */

/* Begin PBXCopyFilesBuildPhase section */
		BDD131D1203F0C7B00B01FBE /* Embed App Extensions */ = {
			isa = PBXCopyFilesBuildPhase;
			buildActionMask = 2147483647;
			dstPath = "";
			dstSubfolderSpec = 13;
			files = (
				308A6ED62044136700548D73 /* iMessageExtensionPost.appex in Embed App Extensions */,
				BDD131CD203F0C7B00B01FBE /* FriendsTodayExtenstion.appex in Embed App Extensions */,
			);
			name = "Embed App Extensions";
			runOnlyForDeploymentPostprocessing = 0;
		};
		BDD79BE32045E8B100CEA7EF /* Embed App Extensions */ = {
			isa = PBXCopyFilesBuildPhase;
			buildActionMask = 2147483647;
			dstPath = "";
			dstSubfolderSpec = 13;
			files = (
				BDD79BCD2045E8B000CEA7EF /* Watch Extension.appex in Embed App Extensions */,
			);
			name = "Embed App Extensions";
			runOnlyForDeploymentPostprocessing = 0;
		};
		BDD79BE52045E8B100CEA7EF /* Embed Watch Content */ = {
			isa = PBXCopyFilesBuildPhase;
			buildActionMask = 2147483647;
			dstPath = "$(CONTENTS_FOLDER_PATH)/Watch";
			dstSubfolderSpec = 16;
			files = (
				BDD79BDD2045E8B100CEA7EF /* Watch.app in Embed Watch Content */,
			);
			name = "Embed Watch Content";
			runOnlyForDeploymentPostprocessing = 0;
		};
/* End PBXCopyFilesBuildPhase section */

/* Begin PBXFileReference section */
		00A959F99CCDF6A5D5A1B7AC /* Pods_MyApp.framework */ = {isa = PBXFileReference; explicitFileType = wrapper.framework; includeInIndex = 0; path = Pods_MyApp.framework; sourceTree = BUILT_PRODUCTS_DIR; };
		13F434258B0C8697635C778F /* Pods_Watch_Extension.framework */ = {isa = PBXFileReference; explicitFileType = wrapper.framework; includeInIndex = 0; path = Pods_Watch_Extension.framework; sourceTree = BUILT_PRODUCTS_DIR; };
		15E7848B34A1A8D6B3F3685B /* Pods_FriendsTodayExtenstion.framework */ = {isa = PBXFileReference; explicitFileType = wrapper.framework; includeInIndex = 0; path = Pods_FriendsTodayExtenstion.framework; sourceTree = BUILT_PRODUCTS_DIR; };
		30113CE41FD6E39100309742 /* AuthService.swift */ = {isa = PBXFileReference; lastKnownFileType = sourcecode.swift; path = AuthService.swift; sourceTree = "<group>"; };
		301C4EEC1FA849CB00E54F47 /* VKontakteAPI.swift */ = {isa = PBXFileReference; lastKnownFileType = sourcecode.swift; path = VKontakteAPI.swift; sourceTree = "<group>"; };
		301C4EEE1FA85C7300E54F47 /* Photo.swift */ = {isa = PBXFileReference; lastKnownFileType = sourcecode.swift; path = Photo.swift; sourceTree = "<group>"; };
		303A7CAD200F3ADC00F34E2B /* AlertShower.swift */ = {isa = PBXFileReference; lastKnownFileType = sourcecode.swift; path = AlertShower.swift; sourceTree = "<group>"; };
		303A7CAF200F758700F34E2B /* NewsWithoutPhotoTableViewCell.swift */ = {isa = PBXFileReference; fileEncoding = 4; lastKnownFileType = sourcecode.swift; path = NewsWithoutPhotoTableViewCell.swift; sourceTree = "<group>"; };
		303A7CB0200F758800F34E2B /* NewsWithoutPhotoTableViewCell.xib */ = {isa = PBXFileReference; fileEncoding = 4; lastKnownFileType = file.xib; path = NewsWithoutPhotoTableViewCell.xib; sourceTree = "<group>"; };
		303A7CB62010EE5D00F34E2B /* GroupMembers.swift */ = {isa = PBXFileReference; lastKnownFileType = sourcecode.swift; path = GroupMembers.swift; sourceTree = "<group>"; };
		303A7CB82010EED300F34E2B /* VKConstants.swift */ = {isa = PBXFileReference; lastKnownFileType = sourcecode.swift; path = VKConstants.swift; sourceTree = "<group>"; };
		304458351F97794700D694BA /* FriendsTableViewController.swift */ = {isa = PBXFileReference; lastKnownFileType = sourcecode.swift; path = FriendsTableViewController.swift; sourceTree = "<group>"; };
		304458371F977A4C00D694BA /* Constants.swift */ = {isa = PBXFileReference; lastKnownFileType = sourcecode.swift; path = Constants.swift; sourceTree = "<group>"; };
		305016AE2049321A00367A53 /* LastNewsWatch.swift */ = {isa = PBXFileReference; lastKnownFileType = sourcecode.swift; path = LastNewsWatch.swift; sourceTree = "<group>"; };
		30726DEB2036B79600E2AE73 /* ChatViewController.swift */ = {isa = PBXFileReference; lastKnownFileType = sourcecode.swift; path = ChatViewController.swift; sourceTree = "<group>"; };
		30726DED2036B9BA00E2AE73 /* SenderChatTableViewCell.swift */ = {isa = PBXFileReference; lastKnownFileType = sourcecode.swift; path = SenderChatTableViewCell.swift; sourceTree = "<group>"; };
		30726DEE2036B9BA00E2AE73 /* SenderChatTableViewCell.xib */ = {isa = PBXFileReference; lastKnownFileType = file.xib; path = SenderChatTableViewCell.xib; sourceTree = "<group>"; };
		30726DF12036FCEC00E2AE73 /* Message.swift */ = {isa = PBXFileReference; lastKnownFileType = sourcecode.swift; path = Message.swift; sourceTree = "<group>"; };
		30726DF3203708EF00E2AE73 /* ReceiverChatTableViewCell.swift */ = {isa = PBXFileReference; fileEncoding = 4; lastKnownFileType = sourcecode.swift; path = ReceiverChatTableViewCell.swift; sourceTree = "<group>"; };
		30726DF4203708F000E2AE73 /* ReceiverChatTableViewCell.xib */ = {isa = PBXFileReference; fileEncoding = 4; lastKnownFileType = file.xib; path = ReceiverChatTableViewCell.xib; sourceTree = "<group>"; };
		30726DF720370C7D00E2AE73 /* ChatCell.swift */ = {isa = PBXFileReference; lastKnownFileType = sourcecode.swift; path = ChatCell.swift; sourceTree = "<group>"; };
		308A6EC82044136600548D73 /* iMessageExtensionPost.appex */ = {isa = PBXFileReference; explicitFileType = "wrapper.app-extension"; includeInIndex = 0; path = iMessageExtensionPost.appex; sourceTree = BUILT_PRODUCTS_DIR; };
		308A6EC92044136600548D73 /* Messages.framework */ = {isa = PBXFileReference; lastKnownFileType = wrapper.framework; name = Messages.framework; path = System/Library/Frameworks/Messages.framework; sourceTree = SDKROOT; };
		308A6ECC2044136700548D73 /* MessagesViewController.swift */ = {isa = PBXFileReference; lastKnownFileType = sourcecode.swift; path = MessagesViewController.swift; sourceTree = "<group>"; };
		308A6ECF2044136700548D73 /* Base */ = {isa = PBXFileReference; lastKnownFileType = file.storyboard; name = Base; path = Base.lproj/MainInterface.storyboard; sourceTree = "<group>"; };
		308A6ED12044136700548D73 /* Assets.xcassets */ = {isa = PBXFileReference; lastKnownFileType = folder.assetcatalog; path = Assets.xcassets; sourceTree = "<group>"; };
		308A6ED32044136700548D73 /* Info.plist */ = {isa = PBXFileReference; lastKnownFileType = text.plist.xml; path = Info.plist; sourceTree = "<group>"; };
		308A6EDA2044398600548D73 /* MessageViewCell.swift */ = {isa = PBXFileReference; lastKnownFileType = sourcecode.swift; path = MessageViewCell.swift; sourceTree = "<group>"; };
		308A6EDD20454FA200548D73 /* iMessageExtensionPost.entitlements */ = {isa = PBXFileReference; lastKnownFileType = text.plist.entitlements; path = iMessageExtensionPost.entitlements; sourceTree = "<group>"; };
		308A6EDE2045543C00548D73 /* LastNews.swift */ = {isa = PBXFileReference; lastKnownFileType = sourcecode.swift; path = LastNews.swift; sourceTree = "<group>"; };
		308DB9AB2047FB72008DEE7C /* NewsRow.swift */ = {isa = PBXFileReference; lastKnownFileType = sourcecode.swift; path = NewsRow.swift; sourceTree = "<group>"; };
		3099BC652003A78100511A5E /* NewsTableViewController.swift */ = {isa = PBXFileReference; lastKnownFileType = sourcecode.swift; path = NewsTableViewController.swift; sourceTree = "<group>"; };
		3099BC6B2003AF8E00511A5E /* NewsWithPhotoTableViewCell.swift */ = {isa = PBXFileReference; lastKnownFileType = sourcecode.swift; path = NewsWithPhotoTableViewCell.swift; sourceTree = "<group>"; };
		3099BC6C2003AF8E00511A5E /* NewsWithPhotoTableViewCell.xib */ = {isa = PBXFileReference; lastKnownFileType = file.xib; path = NewsWithPhotoTableViewCell.xib; sourceTree = "<group>"; };
		3099BC732003C65300511A5E /* NewsCell.swift */ = {isa = PBXFileReference; lastKnownFileType = sourcecode.swift; path = NewsCell.swift; sourceTree = "<group>"; };
		30A3C5792011F17700B36F78 /* Views.swift */ = {isa = PBXFileReference; fileEncoding = 4; lastKnownFileType = sourcecode.swift; path = Views.swift; sourceTree = "<group>"; };
		30A3C57C20123BD000B36F78 /* IntExtension.swift */ = {isa = PBXFileReference; lastKnownFileType = sourcecode.swift; path = IntExtension.swift; sourceTree = "<group>"; };
		30A3C5812019BB0A00B36F78 /* StoryboardExtension.swift */ = {isa = PBXFileReference; lastKnownFileType = sourcecode.swift; path = StoryboardExtension.swift; sourceTree = "<group>"; };
		30CAFB1D1F9F3F68002D0BB1 /* FriendPhotoCollectionViewController.swift */ = {isa = PBXFileReference; lastKnownFileType = sourcecode.swift; path = FriendPhotoCollectionViewController.swift; sourceTree = "<group>"; };
		30CAFB1F1F9F49A8002D0BB1 /* UserGroupsTableViewController.swift */ = {isa = PBXFileReference; lastKnownFileType = sourcecode.swift; path = UserGroupsTableViewController.swift; sourceTree = "<group>"; };
		30CAFB231F9F4C13002D0BB1 /* UserGroupTableViewCell.swift */ = {isa = PBXFileReference; lastKnownFileType = sourcecode.swift; path = UserGroupTableViewCell.swift; sourceTree = "<group>"; };
		30CAFB251F9F4C25002D0BB1 /* GroupTableViewCell.swift */ = {isa = PBXFileReference; lastKnownFileType = sourcecode.swift; path = GroupTableViewCell.swift; sourceTree = "<group>"; };
		30CAFB271F9F4E00002D0BB1 /* GroupsTableViewController.swift */ = {isa = PBXFileReference; lastKnownFileType = sourcecode.swift; path = GroupsTableViewController.swift; sourceTree = "<group>"; };
		30D5C8F32022F31D00025D66 /* CloudDatabase.swift */ = {isa = PBXFileReference; lastKnownFileType = sourcecode.swift; path = CloudDatabase.swift; sourceTree = "<group>"; };
		30E8D7A61F949AD200B57F00 /* MyApp.app */ = {isa = PBXFileReference; explicitFileType = wrapper.application; includeInIndex = 0; path = MyApp.app; sourceTree = BUILT_PRODUCTS_DIR; };
		30E8D7A91F949AD200B57F00 /* AppDelegate.swift */ = {isa = PBXFileReference; lastKnownFileType = sourcecode.swift; path = AppDelegate.swift; sourceTree = "<group>"; };
		30E8D7AB1F949AD300B57F00 /* LoginViewController.swift */ = {isa = PBXFileReference; lastKnownFileType = sourcecode.swift; path = LoginViewController.swift; sourceTree = "<group>"; };
		30E8D7AE1F949AD300B57F00 /* Base */ = {isa = PBXFileReference; lastKnownFileType = file.storyboard; name = Base; path = Base.lproj/Main.storyboard; sourceTree = "<group>"; };
		30E8D7B01F949AD300B57F00 /* Assets.xcassets */ = {isa = PBXFileReference; lastKnownFileType = folder.assetcatalog; path = Assets.xcassets; sourceTree = "<group>"; };
		30E8D7B31F949AD300B57F00 /* Base */ = {isa = PBXFileReference; lastKnownFileType = file.storyboard; name = Base; path = Base.lproj/LaunchScreen.storyboard; sourceTree = "<group>"; };
		30E8D7B51F949AD300B57F00 /* Info.plist */ = {isa = PBXFileReference; lastKnownFileType = text.plist.xml; path = Info.plist; sourceTree = "<group>"; };
		30EDBB2F202061EC0007200A /* Profile.swift */ = {isa = PBXFileReference; lastKnownFileType = sourcecode.swift; path = Profile.swift; sourceTree = "<group>"; };
		30EDBB3B2022E76E0007200A /* GoogleService-Info.plist */ = {isa = PBXFileReference; fileEncoding = 4; lastKnownFileType = text.plist.xml; path = "GoogleService-Info.plist"; sourceTree = "<group>"; };
		30FFAD131F9F23B80026FFF9 /* User.swift */ = {isa = PBXFileReference; lastKnownFileType = sourcecode.swift; path = User.swift; sourceTree = "<group>"; };
		30FFAD151F9F29550026FFF9 /* FriendTableViewCell.swift */ = {isa = PBXFileReference; lastKnownFileType = sourcecode.swift; path = FriendTableViewCell.swift; sourceTree = "<group>"; };
		30FFAD171F9F29750026FFF9 /* FriendCollectionViewCell.swift */ = {isa = PBXFileReference; lastKnownFileType = sourcecode.swift; path = FriendCollectionViewCell.swift; sourceTree = "<group>"; };
		30FFAD191F9F37110026FFF9 /* Group.swift */ = {isa = PBXFileReference; lastKnownFileType = sourcecode.swift; path = Group.swift; sourceTree = "<group>"; };
		A4C2CC9912F16CF570D3672D /* Pods-MyApp.release.xcconfig */ = {isa = PBXFileReference; includeInIndex = 1; lastKnownFileType = text.xcconfig; name = "Pods-MyApp.release.xcconfig"; path = "Pods/Target Support Files/Pods-MyApp/Pods-MyApp.release.xcconfig"; sourceTree = "<group>"; };
		A5525D75092CD717CACA12E4 /* Pods-FriendsTodayExtenstion.debug.xcconfig */ = {isa = PBXFileReference; includeInIndex = 1; lastKnownFileType = text.xcconfig; name = "Pods-FriendsTodayExtenstion.debug.xcconfig"; path = "Pods/Target Support Files/Pods-FriendsTodayExtenstion/Pods-FriendsTodayExtenstion.debug.xcconfig"; sourceTree = "<group>"; };
		B70018DEF63ADBA426E64ED9 /* Pods-FriendsTodayExtenstion.release.xcconfig */ = {isa = PBXFileReference; includeInIndex = 1; lastKnownFileType = text.xcconfig; name = "Pods-FriendsTodayExtenstion.release.xcconfig"; path = "Pods/Target Support Files/Pods-FriendsTodayExtenstion/Pods-FriendsTodayExtenstion.release.xcconfig"; sourceTree = "<group>"; };
		BB5F1FC171BD65D10F8A7B4B /* Pods_Watch.framework */ = {isa = PBXFileReference; explicitFileType = wrapper.framework; includeInIndex = 0; path = Pods_Watch.framework; sourceTree = BUILT_PRODUCTS_DIR; };
		BB7658669BDB40400BF3CF8E /* Pods-iMessageExtensionPost.release.xcconfig */ = {isa = PBXFileReference; includeInIndex = 1; lastKnownFileType = text.xcconfig; name = "Pods-iMessageExtensionPost.release.xcconfig"; path = "Pods/Target Support Files/Pods-iMessageExtensionPost/Pods-iMessageExtensionPost.release.xcconfig"; sourceTree = "<group>"; };
		BD1AF5271FD8579A00C83EBE /* AppState.swift */ = {isa = PBXFileReference; lastKnownFileType = sourcecode.swift; path = AppState.swift; sourceTree = "<group>"; };
		BD2A37EE201A4CBA00141053 /* MainTabBarController.swift */ = {isa = PBXFileReference; lastKnownFileType = sourcecode.swift; path = MainTabBarController.swift; sourceTree = "<group>"; };
		BD2A4E901FE5AE300067CFAE /* AlbumPhoto.swift */ = {isa = PBXFileReference; lastKnownFileType = sourcecode.swift; path = AlbumPhoto.swift; sourceTree = "<group>"; };
		BD2A4EA7200D516C0067CFAE /* Post_source.swift */ = {isa = PBXFileReference; fileEncoding = 4; lastKnownFileType = sourcecode.swift; path = Post_source.swift; sourceTree = "<group>"; };
		BD2A4EA8200D516D0067CFAE /* Attachment.swift */ = {isa = PBXFileReference; fileEncoding = 4; lastKnownFileType = sourcecode.swift; path = Attachment.swift; sourceTree = "<group>"; };
		BD2A4EA9200D516D0067CFAE /* Likes.swift */ = {isa = PBXFileReference; fileEncoding = 4; lastKnownFileType = sourcecode.swift; path = Likes.swift; sourceTree = "<group>"; };
		BD2A4EAB200D516E0067CFAE /* Reposts.swift */ = {isa = PBXFileReference; fileEncoding = 4; lastKnownFileType = sourcecode.swift; path = Reposts.swift; sourceTree = "<group>"; };
		BD2A4EAC200D516E0067CFAE /* News.swift */ = {isa = PBXFileReference; fileEncoding = 4; lastKnownFileType = sourcecode.swift; path = News.swift; sourceTree = "<group>"; };
		BD2A4EAE200D516E0067CFAE /* Comments.swift */ = {isa = PBXFileReference; fileEncoding = 4; lastKnownFileType = sourcecode.swift; path = Comments.swift; sourceTree = "<group>"; };
		BD2A4EAF200D516F0067CFAE /* NewsPhoto.swift */ = {isa = PBXFileReference; fileEncoding = 4; lastKnownFileType = sourcecode.swift; path = NewsPhoto.swift; sourceTree = "<group>"; };
		BD2A4EBA200D52810067CFAE /* NewsResponse.swift */ = {isa = PBXFileReference; fileEncoding = 4; lastKnownFileType = sourcecode.swift; path = NewsResponse.swift; sourceTree = "<group>"; };
		BD2A4EBE200D5C370067CFAE /* Profiles.swift */ = {isa = PBXFileReference; fileEncoding = 4; lastKnownFileType = sourcecode.swift; path = Profiles.swift; sourceTree = "<group>"; };
		BDC0BA17202FA975003131E9 /* NewPostViewController.swift */ = {isa = PBXFileReference; lastKnownFileType = sourcecode.swift; path = NewPostViewController.swift; sourceTree = "<group>"; };
		BDD131C1203F0C7A00B01FBE /* FriendsTodayExtenstion.appex */ = {isa = PBXFileReference; explicitFileType = "wrapper.app-extension"; includeInIndex = 0; path = FriendsTodayExtenstion.appex; sourceTree = BUILT_PRODUCTS_DIR; };
		BDD131C2203F0C7A00B01FBE /* NotificationCenter.framework */ = {isa = PBXFileReference; lastKnownFileType = wrapper.framework; name = NotificationCenter.framework; path = System/Library/Frameworks/NotificationCenter.framework; sourceTree = SDKROOT; };
		BDD131C5203F0C7B00B01FBE /* TodayViewController.swift */ = {isa = PBXFileReference; lastKnownFileType = sourcecode.swift; path = TodayViewController.swift; sourceTree = "<group>"; };
		BDD131C8203F0C7B00B01FBE /* Base */ = {isa = PBXFileReference; lastKnownFileType = file.storyboard; name = Base; path = Base.lproj/MainInterface.storyboard; sourceTree = "<group>"; };
		BDD131CA203F0C7B00B01FBE /* Info.plist */ = {isa = PBXFileReference; lastKnownFileType = text.plist.xml; path = Info.plist; sourceTree = "<group>"; };
		BDD131D2203F0FE800B01FBE /* FriendsTodayExtenstion.entitlements */ = {isa = PBXFileReference; lastKnownFileType = text.plist.entitlements; path = FriendsTodayExtenstion.entitlements; sourceTree = "<group>"; };
		BDD79B94204006BB00CEA7EF /* MyApp.entitlements */ = {isa = PBXFileReference; lastKnownFileType = text.plist.entitlements; path = MyApp.entitlements; sourceTree = "<group>"; };
		BDD79BC02045E8B000CEA7EF /* Watch.app */ = {isa = PBXFileReference; explicitFileType = wrapper.application; includeInIndex = 0; path = Watch.app; sourceTree = BUILT_PRODUCTS_DIR; };
		BDD79BC32045E8B000CEA7EF /* Base */ = {isa = PBXFileReference; lastKnownFileType = file.storyboard; name = Base; path = Base.lproj/Interface.storyboard; sourceTree = "<group>"; };
		BDD79BC52045E8B000CEA7EF /* Assets.xcassets */ = {isa = PBXFileReference; lastKnownFileType = folder.assetcatalog; path = Assets.xcassets; sourceTree = "<group>"; };
		BDD79BC72045E8B000CEA7EF /* Info.plist */ = {isa = PBXFileReference; lastKnownFileType = text.plist.xml; path = Info.plist; sourceTree = "<group>"; };
		BDD79BCC2045E8B000CEA7EF /* Watch Extension.appex */ = {isa = PBXFileReference; explicitFileType = "wrapper.app-extension"; includeInIndex = 0; path = "Watch Extension.appex"; sourceTree = BUILT_PRODUCTS_DIR; };
		BDD79BD12045E8B000CEA7EF /* InterfaceController.swift */ = {isa = PBXFileReference; lastKnownFileType = sourcecode.swift; path = InterfaceController.swift; sourceTree = "<group>"; };
		BDD79BD32045E8B000CEA7EF /* ExtensionDelegate.swift */ = {isa = PBXFileReference; lastKnownFileType = sourcecode.swift; path = ExtensionDelegate.swift; sourceTree = "<group>"; };
		BDD79BD52045E8B000CEA7EF /* NotificationController.swift */ = {isa = PBXFileReference; lastKnownFileType = sourcecode.swift; path = NotificationController.swift; sourceTree = "<group>"; };
		BDD79BD72045E8B000CEA7EF /* Assets.xcassets */ = {isa = PBXFileReference; lastKnownFileType = folder.assetcatalog; path = Assets.xcassets; sourceTree = "<group>"; };
		BDD79BD92045E8B100CEA7EF /* Info.plist */ = {isa = PBXFileReference; lastKnownFileType = text.plist.xml; path = Info.plist; sourceTree = "<group>"; };
		BDD79BDA2045E8B100CEA7EF /* PushNotificationPayload.apns */ = {isa = PBXFileReference; lastKnownFileType = text; path = PushNotificationPayload.apns; sourceTree = "<group>"; };
		BDD79BE72045EA3700CEA7EF /* MyWCSession.swift */ = {isa = PBXFileReference; lastKnownFileType = sourcecode.swift; path = MyWCSession.swift; sourceTree = "<group>"; };
		D071CC447F63337086E7CD3B /* Pods-MyApp.debug.xcconfig */ = {isa = PBXFileReference; includeInIndex = 1; lastKnownFileType = text.xcconfig; name = "Pods-MyApp.debug.xcconfig"; path = "Pods/Target Support Files/Pods-MyApp/Pods-MyApp.debug.xcconfig"; sourceTree = "<group>"; };
		EEA8E73C047D05EE2EFBF4E8 /* Pods-iMessageExtensionPost.debug.xcconfig */ = {isa = PBXFileReference; includeInIndex = 1; lastKnownFileType = text.xcconfig; name = "Pods-iMessageExtensionPost.debug.xcconfig"; path = "Pods/Target Support Files/Pods-iMessageExtensionPost/Pods-iMessageExtensionPost.debug.xcconfig"; sourceTree = "<group>"; };
		EEE960E9EE150CF479B26B98 /* Pods_iMessageExtensionPost.framework */ = {isa = PBXFileReference; explicitFileType = wrapper.framework; includeInIndex = 0; path = Pods_iMessageExtensionPost.framework; sourceTree = BUILT_PRODUCTS_DIR; };
/* End PBXFileReference section */

/* Begin PBXFrameworksBuildPhase section */
		308A6EC52044136600548D73 /* Frameworks */ = {
			isa = PBXFrameworksBuildPhase;
			buildActionMask = 2147483647;
			files = (
				308A6ECA2044136600548D73 /* Messages.framework in Frameworks */,
				9E8291D81D90DB3CC8346EAA /* Pods_iMessageExtensionPost.framework in Frameworks */,
			);
			runOnlyForDeploymentPostprocessing = 0;
		};
		30E8D7A31F949AD200B57F00 /* Frameworks */ = {
			isa = PBXFrameworksBuildPhase;
			buildActionMask = 2147483647;
			files = (
				6ADE517EAB70770D3430778B /* Pods_MyApp.framework in Frameworks */,
			);
			runOnlyForDeploymentPostprocessing = 0;
		};
		73687B85186F1295AFE8081F /* Frameworks */ = {
			isa = PBXFrameworksBuildPhase;
			buildActionMask = 2147483647;
			files = (
			);
			runOnlyForDeploymentPostprocessing = 0;
		};
		BDD131BE203F0C7A00B01FBE /* Frameworks */ = {
			isa = PBXFrameworksBuildPhase;
			buildActionMask = 2147483647;
			files = (
				BDD131C3203F0C7A00B01FBE /* NotificationCenter.framework in Frameworks */,
				3D22A6043FE0D68098F145EB /* Pods_FriendsTodayExtenstion.framework in Frameworks */,
			);
			runOnlyForDeploymentPostprocessing = 0;
		};
		BDD79BC92045E8B000CEA7EF /* Frameworks */ = {
			isa = PBXFrameworksBuildPhase;
			buildActionMask = 2147483647;
			files = (
			);
			runOnlyForDeploymentPostprocessing = 0;
		};
/* End PBXFrameworksBuildPhase section */

/* Begin PBXGroup section */
		303A7C9C200C953C00F34E2B /* News */ = {
			isa = PBXGroup;
			children = (
				308A6EDE2045543C00548D73 /* LastNews.swift */,
				30A3C5792011F17700B36F78 /* Views.swift */,
				BD2A4EA8200D516D0067CFAE /* Attachment.swift */,
				BD2A4EAE200D516E0067CFAE /* Comments.swift */,
				BD2A4EAC200D516E0067CFAE /* News.swift */,
				BD2A4EA9200D516D0067CFAE /* Likes.swift */,
				BD2A4EBE200D5C370067CFAE /* Profiles.swift */,
				BD2A4EAF200D516F0067CFAE /* NewsPhoto.swift */,
				BD2A4EA7200D516C0067CFAE /* Post_source.swift */,
				BD2A4EBA200D52810067CFAE /* NewsResponse.swift */,
				BD2A4EAB200D516E0067CFAE /* Reposts.swift */,
			);
			path = News;
			sourceTree = "<group>";
		};
		303A7CB32010EDE900F34E2B /* Group */ = {
			isa = PBXGroup;
			children = (
				303A7CB62010EE5D00F34E2B /* GroupMembers.swift */,
				30FFAD191F9F37110026FFF9 /* Group.swift */,
			);
			path = Group;
			sourceTree = "<group>";
		};
		308A6ECB2044136600548D73 /* iMessageExtensionPost */ = {
			isa = PBXGroup;
			children = (
				308A6EDD20454FA200548D73 /* iMessageExtensionPost.entitlements */,
				308A6ECC2044136700548D73 /* MessagesViewController.swift */,
				308A6ECE2044136700548D73 /* MainInterface.storyboard */,
				308A6EDA2044398600548D73 /* MessageViewCell.swift */,
				308A6ED12044136700548D73 /* Assets.xcassets */,
				308A6ED32044136700548D73 /* Info.plist */,
			);
			path = iMessageExtensionPost;
			sourceTree = "<group>";
		};
		30A3C57B20123BB000B36F78 /* Extensions */ = {
			isa = PBXGroup;
			children = (
				30A3C57C20123BD000B36F78 /* IntExtension.swift */,
				30A3C5812019BB0A00B36F78 /* StoryboardExtension.swift */,
			);
			path = Extensions;
			sourceTree = "<group>";
		};
		30A3C58020189DD700B36F78 /* Protocols */ = {
			isa = PBXGroup;
			children = (
				3099BC732003C65300511A5E /* NewsCell.swift */,
				30726DF720370C7D00E2AE73 /* ChatCell.swift */,
				303A7CAD200F3ADC00F34E2B /* AlertShower.swift */,
			);
			path = Protocols;
			sourceTree = "<group>";
		};
		30E6149D1FA1BD340091BD87 /* View */ = {
			isa = PBXGroup;
			children = (
				30726DF3203708EF00E2AE73 /* ReceiverChatTableViewCell.swift */,
				30726DF4203708F000E2AE73 /* ReceiverChatTableViewCell.xib */,
				30726DED2036B9BA00E2AE73 /* SenderChatTableViewCell.swift */,
				30726DEE2036B9BA00E2AE73 /* SenderChatTableViewCell.xib */,
				303A7CAF200F758700F34E2B /* NewsWithoutPhotoTableViewCell.swift */,
				303A7CB0200F758800F34E2B /* NewsWithoutPhotoTableViewCell.xib */,
				3099BC6B2003AF8E00511A5E /* NewsWithPhotoTableViewCell.swift */,
				3099BC6C2003AF8E00511A5E /* NewsWithPhotoTableViewCell.xib */,
				30CAFB231F9F4C13002D0BB1 /* UserGroupTableViewCell.swift */,
				30CAFB251F9F4C25002D0BB1 /* GroupTableViewCell.swift */,
				30FFAD151F9F29550026FFF9 /* FriendTableViewCell.swift */,
				30FFAD171F9F29750026FFF9 /* FriendCollectionViewCell.swift */,
			);
			path = View;
			sourceTree = "<group>";
		};
		30E6149E1FA1BD4B0091BD87 /* ViewController */ = {
			isa = PBXGroup;
			children = (
				30726DEB2036B79600E2AE73 /* ChatViewController.swift */,
				BDC0BA17202FA975003131E9 /* NewPostViewController.swift */,
				BD2A37EE201A4CBA00141053 /* MainTabBarController.swift */,
				3099BC652003A78100511A5E /* NewsTableViewController.swift */,
				30CAFB1D1F9F3F68002D0BB1 /* FriendPhotoCollectionViewController.swift */,
				30E8D7AB1F949AD300B57F00 /* LoginViewController.swift */,
				304458351F97794700D694BA /* FriendsTableViewController.swift */,
				30CAFB1F1F9F49A8002D0BB1 /* UserGroupsTableViewController.swift */,
				30CAFB271F9F4E00002D0BB1 /* GroupsTableViewController.swift */,
			);
			path = ViewController;
			sourceTree = "<group>";
		};
		30E6149F1FA1BD750091BD87 /* Model */ = {
			isa = PBXGroup;
			children = (
				30726DF12036FCEC00E2AE73 /* Message.swift */,
				303A7CB32010EDE900F34E2B /* Group */,
				303A7C9C200C953C00F34E2B /* News */,
				30A3C58020189DD700B36F78 /* Protocols */,
				301C4EEC1FA849CB00E54F47 /* VKontakteAPI.swift */,
				BD1AF5271FD8579A00C83EBE /* AppState.swift */,
				303A7CB82010EED300F34E2B /* VKConstants.swift */,
				BD2A4E901FE5AE300067CFAE /* AlbumPhoto.swift */,
				30113CE41FD6E39100309742 /* AuthService.swift */,
				30D5C8F32022F31D00025D66 /* CloudDatabase.swift */,
				301C4EEE1FA85C7300E54F47 /* Photo.swift */,
				304458371F977A4C00D694BA /* Constants.swift */,
				30FFAD131F9F23B80026FFF9 /* User.swift */,
				30EDBB2F202061EC0007200A /* Profile.swift */,
			);
			path = Model;
			sourceTree = "<group>";
		};
		30E614A01FA1BD850091BD87 /* Supporting files */ = {
			isa = PBXGroup;
			children = (
				30E8D7AD1F949AD300B57F00 /* Main.storyboard */,
				30E8D7B01F949AD300B57F00 /* Assets.xcassets */,
				30E8D7B21F949AD300B57F00 /* LaunchScreen.storyboard */,
				30EDBB3B2022E76E0007200A /* GoogleService-Info.plist */,
				30E8D7B51F949AD300B57F00 /* Info.plist */,
			);
			path = "Supporting files";
			sourceTree = "<group>";
		};
		30E8D79D1F949AD200B57F00 = {
			isa = PBXGroup;
			children = (
				30E8D7A81F949AD200B57F00 /* MyApp */,
				BDD131C4203F0C7B00B01FBE /* FriendsTodayExtenstion */,
				308A6ECB2044136600548D73 /* iMessageExtensionPost */,
				BDD79BC12045E8B000CEA7EF /* Watch */,
				BDD79BD02045E8B000CEA7EF /* Watch Extension */,
				30E8D7A71F949AD200B57F00 /* Products */,
				E32265A7D07924B8AADB1B9D /* Pods */,
				4FA64D5B6335DE8292232307 /* Frameworks */,
			);
			sourceTree = "<group>";
		};
		30E8D7A71F949AD200B57F00 /* Products */ = {
			isa = PBXGroup;
			children = (
				30E8D7A61F949AD200B57F00 /* MyApp.app */,
				BDD131C1203F0C7A00B01FBE /* FriendsTodayExtenstion.appex */,
				308A6EC82044136600548D73 /* iMessageExtensionPost.appex */,
				BDD79BC02045E8B000CEA7EF /* Watch.app */,
				BDD79BCC2045E8B000CEA7EF /* Watch Extension.appex */,
			);
			name = Products;
			sourceTree = "<group>";
		};
		30E8D7A81F949AD200B57F00 /* MyApp */ = {
			isa = PBXGroup;
			children = (
				BDD79BE62045EA1800CEA7EF /* WatchSupport */,
				BDD79B94204006BB00CEA7EF /* MyApp.entitlements */,
				30A3C57B20123BB000B36F78 /* Extensions */,
				30E8D7A91F949AD200B57F00 /* AppDelegate.swift */,
				30E6149F1FA1BD750091BD87 /* Model */,
				30E6149E1FA1BD4B0091BD87 /* ViewController */,
				30E6149D1FA1BD340091BD87 /* View */,
				30E614A01FA1BD850091BD87 /* Supporting files */,
			);
			path = MyApp;
			sourceTree = "<group>";
		};
		4FA64D5B6335DE8292232307 /* Frameworks */ = {
			isa = PBXGroup;
			children = (
				00A959F99CCDF6A5D5A1B7AC /* Pods_MyApp.framework */,
				BDD131C2203F0C7A00B01FBE /* NotificationCenter.framework */,
				15E7848B34A1A8D6B3F3685B /* Pods_FriendsTodayExtenstion.framework */,
				308A6EC92044136600548D73 /* Messages.framework */,
				EEE960E9EE150CF479B26B98 /* Pods_iMessageExtensionPost.framework */,
				BB5F1FC171BD65D10F8A7B4B /* Pods_Watch.framework */,
				13F434258B0C8697635C778F /* Pods_Watch_Extension.framework */,
			);
			name = Frameworks;
			sourceTree = "<group>";
		};
		BDD131C4203F0C7B00B01FBE /* FriendsTodayExtenstion */ = {
			isa = PBXGroup;
			children = (
				BDD131D2203F0FE800B01FBE /* FriendsTodayExtenstion.entitlements */,
				BDD131C5203F0C7B00B01FBE /* TodayViewController.swift */,
				BDD131C7203F0C7B00B01FBE /* MainInterface.storyboard */,
				BDD131CA203F0C7B00B01FBE /* Info.plist */,
			);
			path = FriendsTodayExtenstion;
			sourceTree = "<group>";
		};
		BDD79BC12045E8B000CEA7EF /* Watch */ = {
			isa = PBXGroup;
			children = (
				BDD79BC22045E8B000CEA7EF /* Interface.storyboard */,
				BDD79BC52045E8B000CEA7EF /* Assets.xcassets */,
				BDD79BC72045E8B000CEA7EF /* Info.plist */,
			);
			path = Watch;
			sourceTree = "<group>";
		};
		BDD79BD02045E8B000CEA7EF /* Watch Extension */ = {
			isa = PBXGroup;
			children = (
				308DB9AB2047FB72008DEE7C /* NewsRow.swift */,
				305016AE2049321A00367A53 /* LastNewsWatch.swift */,
				BDD79BD12045E8B000CEA7EF /* InterfaceController.swift */,
				BDD79BD32045E8B000CEA7EF /* ExtensionDelegate.swift */,
				BDD79BD52045E8B000CEA7EF /* NotificationController.swift */,
				BDD79BD72045E8B000CEA7EF /* Assets.xcassets */,
				BDD79BD92045E8B100CEA7EF /* Info.plist */,
				BDD79BDA2045E8B100CEA7EF /* PushNotificationPayload.apns */,
			);
			path = "Watch Extension";
			sourceTree = "<group>";
		};
		BDD79BE62045EA1800CEA7EF /* WatchSupport */ = {
			isa = PBXGroup;
			children = (
				BDD79BE72045EA3700CEA7EF /* MyWCSession.swift */,
			);
			path = WatchSupport;
			sourceTree = "<group>";
		};
		E32265A7D07924B8AADB1B9D /* Pods */ = {
			isa = PBXGroup;
			children = (
				D071CC447F63337086E7CD3B /* Pods-MyApp.debug.xcconfig */,
				A4C2CC9912F16CF570D3672D /* Pods-MyApp.release.xcconfig */,
				A5525D75092CD717CACA12E4 /* Pods-FriendsTodayExtenstion.debug.xcconfig */,
				B70018DEF63ADBA426E64ED9 /* Pods-FriendsTodayExtenstion.release.xcconfig */,
				EEA8E73C047D05EE2EFBF4E8 /* Pods-iMessageExtensionPost.debug.xcconfig */,
				BB7658669BDB40400BF3CF8E /* Pods-iMessageExtensionPost.release.xcconfig */,
			);
			name = Pods;
			sourceTree = "<group>";
		};
/* End PBXGroup section */

/* Begin PBXNativeTarget section */
		308A6EC72044136600548D73 /* iMessageExtensionPost */ = {
			isa = PBXNativeTarget;
			buildConfigurationList = 308A6ED92044136700548D73 /* Build configuration list for PBXNativeTarget "iMessageExtensionPost" */;
			buildPhases = (
				DC72A863B36496E72D17FAF6 /* [CP] Check Pods Manifest.lock */,
				308A6EC42044136600548D73 /* Sources */,
				308A6EC52044136600548D73 /* Frameworks */,
				308A6EC62044136600548D73 /* Resources */,
				DCCDA9A5F0F3F1495D5E59EA /* [CP] Copy Pods Resources */,
			);
			buildRules = (
			);
			dependencies = (
			);
			name = iMessageExtensionPost;
			productName = iMessageExtensionPost;
			productReference = 308A6EC82044136600548D73 /* iMessageExtensionPost.appex */;
			productType = "com.apple.product-type.app-extension.messages";
		};
		30E8D7A51F949AD200B57F00 /* MyApp */ = {
			isa = PBXNativeTarget;
			buildConfigurationList = 30E8D7B81F949AD300B57F00 /* Build configuration list for PBXNativeTarget "MyApp" */;
			buildPhases = (
				F1466586090FA2243ECD8124 /* [CP] Check Pods Manifest.lock */,
				30E8D7A21F949AD200B57F00 /* Sources */,
				30E8D7A31F949AD200B57F00 /* Frameworks */,
				30E8D7A41F949AD200B57F00 /* Resources */,
				5A6AC10C4F2ECC0DFE3FAA06 /* [CP] Embed Pods Frameworks */,
				A49716B394B7527E9758215D /* [CP] Copy Pods Resources */,
				BDD131D1203F0C7B00B01FBE /* Embed App Extensions */,
				BDD79BE52045E8B100CEA7EF /* Embed Watch Content */,
			);
			buildRules = (
			);
			dependencies = (
				BDD131CC203F0C7B00B01FBE /* PBXTargetDependency */,
				308A6ED52044136700548D73 /* PBXTargetDependency */,
				BDD79BDC2045E8B100CEA7EF /* PBXTargetDependency */,
			);
			name = MyApp;
			productName = MyApp;
			productReference = 30E8D7A61F949AD200B57F00 /* MyApp.app */;
			productType = "com.apple.product-type.application";
		};
		BDD131C0203F0C7A00B01FBE /* FriendsTodayExtenstion */ = {
			isa = PBXNativeTarget;
			buildConfigurationList = BDD131D0203F0C7B00B01FBE /* Build configuration list for PBXNativeTarget "FriendsTodayExtenstion" */;
			buildPhases = (
				31C41BC5EFE8DAB055CE8DC1 /* [CP] Check Pods Manifest.lock */,
				BDD131BD203F0C7A00B01FBE /* Sources */,
				BDD131BE203F0C7A00B01FBE /* Frameworks */,
				BDD131BF203F0C7A00B01FBE /* Resources */,
				437BB08C2356C0E627849DB3 /* [CP] Copy Pods Resources */,
			);
			buildRules = (
			);
			dependencies = (
			);
			name = FriendsTodayExtenstion;
			productName = FriendsTodayExtenstion;
			productReference = BDD131C1203F0C7A00B01FBE /* FriendsTodayExtenstion.appex */;
			productType = "com.apple.product-type.app-extension";
		};
		BDD79BBF2045E8B000CEA7EF /* Watch */ = {
			isa = PBXNativeTarget;
			buildConfigurationList = BDD79BE42045E8B100CEA7EF /* Build configuration list for PBXNativeTarget "Watch" */;
			buildPhases = (
				BDD79BBE2045E8B000CEA7EF /* Resources */,
				BDD79BE32045E8B100CEA7EF /* Embed App Extensions */,
				73687B85186F1295AFE8081F /* Frameworks */,
			);
			buildRules = (
			);
			dependencies = (
				BDD79BCF2045E8B000CEA7EF /* PBXTargetDependency */,
			);
			name = Watch;
			productName = Watch;
			productReference = BDD79BC02045E8B000CEA7EF /* Watch.app */;
			productType = "com.apple.product-type.application.watchapp2";
		};
		BDD79BCB2045E8B000CEA7EF /* Watch Extension */ = {
			isa = PBXNativeTarget;
			buildConfigurationList = BDD79BE22045E8B100CEA7EF /* Build configuration list for PBXNativeTarget "Watch Extension" */;
			buildPhases = (
				BDD79BC82045E8B000CEA7EF /* Sources */,
				BDD79BC92045E8B000CEA7EF /* Frameworks */,
				BDD79BCA2045E8B000CEA7EF /* Resources */,
			);
			buildRules = (
			);
			dependencies = (
			);
			name = "Watch Extension";
			productName = "Watch Extension";
			productReference = BDD79BCC2045E8B000CEA7EF /* Watch Extension.appex */;
			productType = "com.apple.product-type.watchkit2-extension";
		};
/* End PBXNativeTarget section */

/* Begin PBXProject section */
		30E8D79E1F949AD200B57F00 /* Project object */ = {
			isa = PBXProject;
			attributes = {
				LastSwiftUpdateCheck = 0910;
				LastUpgradeCheck = 0900;
				ORGANIZATIONNAME = Ronin;
				TargetAttributes = {
					308A6EC72044136600548D73 = {
						CreatedOnToolsVersion = 9.1;
						ProvisioningStyle = Automatic;
						SystemCapabilities = {
							com.apple.ApplicationGroups.iOS = {
								enabled = 1;
							};
						};
					};
					30E8D7A51F949AD200B57F00 = {
						CreatedOnToolsVersion = 9.0;
						ProvisioningStyle = Automatic;
						SystemCapabilities = {
							com.apple.ApplicationGroups.iOS = {
								enabled = 1;
							};
							com.apple.BackgroundModes = {
								enabled = 1;
							};
							com.apple.Push = {
								enabled = 1;
							};
							com.apple.iCloud = {
								enabled = 1;
							};
						};
					};
					BDD131C0203F0C7A00B01FBE = {
						CreatedOnToolsVersion = 9.2;
						ProvisioningStyle = Automatic;
						SystemCapabilities = {
							com.apple.ApplicationGroups.iOS = {
								enabled = 1;
							};
						};
					};
					BDD79BBF2045E8B000CEA7EF = {
						CreatedOnToolsVersion = 9.2;
						ProvisioningStyle = Automatic;
					};
					BDD79BCB2045E8B000CEA7EF = {
						CreatedOnToolsVersion = 9.2;
						ProvisioningStyle = Automatic;
					};
				};
			};
			buildConfigurationList = 30E8D7A11F949AD200B57F00 /* Build configuration list for PBXProject "MyApp" */;
			compatibilityVersion = "Xcode 8.0";
			developmentRegion = en;
			hasScannedForEncodings = 0;
			knownRegions = (
				en,
				Base,
			);
			mainGroup = 30E8D79D1F949AD200B57F00;
			productRefGroup = 30E8D7A71F949AD200B57F00 /* Products */;
			projectDirPath = "";
			projectRoot = "";
			targets = (
				30E8D7A51F949AD200B57F00 /* MyApp */,
				BDD131C0203F0C7A00B01FBE /* FriendsTodayExtenstion */,
				308A6EC72044136600548D73 /* iMessageExtensionPost */,
				BDD79BBF2045E8B000CEA7EF /* Watch */,
				BDD79BCB2045E8B000CEA7EF /* Watch Extension */,
			);
		};
/* End PBXProject section */

/* Begin PBXResourcesBuildPhase section */
		308A6EC62044136600548D73 /* Resources */ = {
			isa = PBXResourcesBuildPhase;
			buildActionMask = 2147483647;
			files = (
				308A6ED22044136700548D73 /* Assets.xcassets in Resources */,
				308A6EDC20444C6B00548D73 /* Assets.xcassets in Resources */,
				308A6ED02044136700548D73 /* MainInterface.storyboard in Resources */,
			);
			runOnlyForDeploymentPostprocessing = 0;
		};
		30E8D7A41F949AD200B57F00 /* Resources */ = {
			isa = PBXResourcesBuildPhase;
			buildActionMask = 2147483647;
			files = (
				30E8D7B41F949AD300B57F00 /* LaunchScreen.storyboard in Resources */,
				3099BC6E2003AF8E00511A5E /* NewsWithPhotoTableViewCell.xib in Resources */,
				303A7CB2200F758800F34E2B /* NewsWithoutPhotoTableViewCell.xib in Resources */,
				30E8D7B11F949AD300B57F00 /* Assets.xcassets in Resources */,
				30E8D7AF1F949AD300B57F00 /* Main.storyboard in Resources */,
				30726DF02036B9BA00E2AE73 /* SenderChatTableViewCell.xib in Resources */,
				30726DF6203708F000E2AE73 /* ReceiverChatTableViewCell.xib in Resources */,
				30EDBB3C2022E76F0007200A /* GoogleService-Info.plist in Resources */,
			);
			runOnlyForDeploymentPostprocessing = 0;
		};
		BDD131BF203F0C7A00B01FBE /* Resources */ = {
			isa = PBXResourcesBuildPhase;
			buildActionMask = 2147483647;
			files = (
				BDD79B95204028AB00CEA7EF /* Assets.xcassets in Resources */,
				BDD131C9203F0C7B00B01FBE /* MainInterface.storyboard in Resources */,
			);
			runOnlyForDeploymentPostprocessing = 0;
		};
		BDD79BBE2045E8B000CEA7EF /* Resources */ = {
			isa = PBXResourcesBuildPhase;
			buildActionMask = 2147483647;
			files = (
				BDD79BC62045E8B000CEA7EF /* Assets.xcassets in Resources */,
				BDD79BC42045E8B000CEA7EF /* Interface.storyboard in Resources */,
			);
			runOnlyForDeploymentPostprocessing = 0;
		};
		BDD79BCA2045E8B000CEA7EF /* Resources */ = {
			isa = PBXResourcesBuildPhase;
			buildActionMask = 2147483647;
			files = (
				308DB9AD204802B3008DEE7C /* Interface.storyboard in Resources */,
				BDD79BD82045E8B000CEA7EF /* Assets.xcassets in Resources */,
			);
			runOnlyForDeploymentPostprocessing = 0;
		};
/* End PBXResourcesBuildPhase section */

/* Begin PBXShellScriptBuildPhase section */
		31C41BC5EFE8DAB055CE8DC1 /* [CP] Check Pods Manifest.lock */ = {
			isa = PBXShellScriptBuildPhase;
			buildActionMask = 2147483647;
			files = (
			);
			inputPaths = (
				"${PODS_PODFILE_DIR_PATH}/Podfile.lock",
				"${PODS_ROOT}/Manifest.lock",
			);
			name = "[CP] Check Pods Manifest.lock";
			outputPaths = (
				"$(DERIVED_FILE_DIR)/Pods-FriendsTodayExtenstion-checkManifestLockResult.txt",
			);
			runOnlyForDeploymentPostprocessing = 0;
			shellPath = /bin/sh;
			shellScript = "diff \"${PODS_PODFILE_DIR_PATH}/Podfile.lock\" \"${PODS_ROOT}/Manifest.lock\" > /dev/null\nif [ $? != 0 ] ; then\n    # print error to STDERR\n    echo \"error: The sandbox is not in sync with the Podfile.lock. Run 'pod install' or update your CocoaPods installation.\" >&2\n    exit 1\nfi\n# This output is used by Xcode 'outputs' to avoid re-running this script phase.\necho \"SUCCESS\" > \"${SCRIPT_OUTPUT_FILE_0}\"\n";
			showEnvVarsInLog = 0;
		};
		437BB08C2356C0E627849DB3 /* [CP] Copy Pods Resources */ = {
			isa = PBXShellScriptBuildPhase;
			buildActionMask = 2147483647;
			files = (
			);
			inputPaths = (
			);
			name = "[CP] Copy Pods Resources";
			outputPaths = (
			);
			runOnlyForDeploymentPostprocessing = 0;
			shellPath = /bin/sh;
			shellScript = "\"${SRCROOT}/Pods/Target Support Files/Pods-FriendsTodayExtenstion/Pods-FriendsTodayExtenstion-resources.sh\"\n";
			showEnvVarsInLog = 0;
		};
		5A6AC10C4F2ECC0DFE3FAA06 /* [CP] Embed Pods Frameworks */ = {
			isa = PBXShellScriptBuildPhase;
			buildActionMask = 2147483647;
			files = (
			);
			inputPaths = (
				"${SRCROOT}/Pods/Target Support Files/Pods-MyApp/Pods-MyApp-frameworks.sh",
				"${BUILT_PRODUCTS_DIR}/Alamofire/Alamofire.framework",
				"${BUILT_PRODUCTS_DIR}/GoogleToolboxForMac/GoogleToolboxForMac.framework",
				"${BUILT_PRODUCTS_DIR}/Realm/Realm.framework",
				"${BUILT_PRODUCTS_DIR}/RealmSwift/RealmSwift.framework",
				"${BUILT_PRODUCTS_DIR}/SDWebImage/SDWebImage.framework",
				"${BUILT_PRODUCTS_DIR}/SwiftKeychainWrapper/SwiftKeychainWrapper.framework",
				"${BUILT_PRODUCTS_DIR}/leveldb-library/leveldb.framework",
				"${BUILT_PRODUCTS_DIR}/nanopb/nanopb.framework",
			);
			name = "[CP] Embed Pods Frameworks";
			outputPaths = (
				"${TARGET_BUILD_DIR}/${FRAMEWORKS_FOLDER_PATH}/Alamofire.framework",
				"${TARGET_BUILD_DIR}/${FRAMEWORKS_FOLDER_PATH}/GoogleToolboxForMac.framework",
				"${TARGET_BUILD_DIR}/${FRAMEWORKS_FOLDER_PATH}/Realm.framework",
				"${TARGET_BUILD_DIR}/${FRAMEWORKS_FOLDER_PATH}/RealmSwift.framework",
				"${TARGET_BUILD_DIR}/${FRAMEWORKS_FOLDER_PATH}/SDWebImage.framework",
				"${TARGET_BUILD_DIR}/${FRAMEWORKS_FOLDER_PATH}/SwiftKeychainWrapper.framework",
				"${TARGET_BUILD_DIR}/${FRAMEWORKS_FOLDER_PATH}/leveldb.framework",
				"${TARGET_BUILD_DIR}/${FRAMEWORKS_FOLDER_PATH}/nanopb.framework",
			);
			runOnlyForDeploymentPostprocessing = 0;
			shellPath = /bin/sh;
			shellScript = "\"${SRCROOT}/Pods/Target Support Files/Pods-MyApp/Pods-MyApp-frameworks.sh\"\n";
			showEnvVarsInLog = 0;
		};
		A49716B394B7527E9758215D /* [CP] Copy Pods Resources */ = {
			isa = PBXShellScriptBuildPhase;
			buildActionMask = 2147483647;
			files = (
			);
			inputPaths = (
			);
			name = "[CP] Copy Pods Resources";
			outputPaths = (
			);
			runOnlyForDeploymentPostprocessing = 0;
			shellPath = /bin/sh;
			shellScript = "\"${SRCROOT}/Pods/Target Support Files/Pods-MyApp/Pods-MyApp-resources.sh\"\n";
			showEnvVarsInLog = 0;
		};
		DC72A863B36496E72D17FAF6 /* [CP] Check Pods Manifest.lock */ = {
			isa = PBXShellScriptBuildPhase;
			buildActionMask = 2147483647;
			files = (
			);
			inputPaths = (
				"${PODS_PODFILE_DIR_PATH}/Podfile.lock",
				"${PODS_ROOT}/Manifest.lock",
			);
			name = "[CP] Check Pods Manifest.lock";
			outputPaths = (
				"$(DERIVED_FILE_DIR)/Pods-iMessageExtensionPost-checkManifestLockResult.txt",
			);
			runOnlyForDeploymentPostprocessing = 0;
			shellPath = /bin/sh;
			shellScript = "diff \"${PODS_PODFILE_DIR_PATH}/Podfile.lock\" \"${PODS_ROOT}/Manifest.lock\" > /dev/null\nif [ $? != 0 ] ; then\n    # print error to STDERR\n    echo \"error: The sandbox is not in sync with the Podfile.lock. Run 'pod install' or update your CocoaPods installation.\" >&2\n    exit 1\nfi\n# This output is used by Xcode 'outputs' to avoid re-running this script phase.\necho \"SUCCESS\" > \"${SCRIPT_OUTPUT_FILE_0}\"\n";
			showEnvVarsInLog = 0;
		};
		DCCDA9A5F0F3F1495D5E59EA /* [CP] Copy Pods Resources */ = {
			isa = PBXShellScriptBuildPhase;
			buildActionMask = 2147483647;
			files = (
			);
			inputPaths = (
			);
			name = "[CP] Copy Pods Resources";
			outputPaths = (
			);
			runOnlyForDeploymentPostprocessing = 0;
			shellPath = /bin/sh;
			shellScript = "\"${SRCROOT}/Pods/Target Support Files/Pods-iMessageExtensionPost/Pods-iMessageExtensionPost-resources.sh\"\n";
			showEnvVarsInLog = 0;
		};
		F1466586090FA2243ECD8124 /* [CP] Check Pods Manifest.lock */ = {
			isa = PBXShellScriptBuildPhase;
			buildActionMask = 2147483647;
			files = (
			);
			inputPaths = (
				"${PODS_PODFILE_DIR_PATH}/Podfile.lock",
				"${PODS_ROOT}/Manifest.lock",
			);
			name = "[CP] Check Pods Manifest.lock";
			outputPaths = (
				"$(DERIVED_FILE_DIR)/Pods-MyApp-checkManifestLockResult.txt",
			);
			runOnlyForDeploymentPostprocessing = 0;
			shellPath = /bin/sh;
			shellScript = "diff \"${PODS_PODFILE_DIR_PATH}/Podfile.lock\" \"${PODS_ROOT}/Manifest.lock\" > /dev/null\nif [ $? != 0 ] ; then\n    # print error to STDERR\n    echo \"error: The sandbox is not in sync with the Podfile.lock. Run 'pod install' or update your CocoaPods installation.\" >&2\n    exit 1\nfi\n# This output is used by Xcode 'outputs' to avoid re-running this script phase.\necho \"SUCCESS\" > \"${SCRIPT_OUTPUT_FILE_0}\"\n";
			showEnvVarsInLog = 0;
		};
/* End PBXShellScriptBuildPhase section */

/* Begin PBXSourcesBuildPhase section */
		308A6EC42044136600548D73 /* Sources */ = {
			isa = PBXSourcesBuildPhase;
			buildActionMask = 2147483647;
			files = (
				308A6EDB2044398600548D73 /* MessageViewCell.swift in Sources */,
				308A6EE1204563B900548D73 /* LastNews.swift in Sources */,
				308A6ECD2044136700548D73 /* MessagesViewController.swift in Sources */,
			);
			runOnlyForDeploymentPostprocessing = 0;
		};
		30E8D7A21F949AD200B57F00 /* Sources */ = {
			isa = PBXSourcesBuildPhase;
			buildActionMask = 2147483647;
			files = (
				303A7CAE200F3ADC00F34E2B /* AlertShower.swift in Sources */,
				30EDBB30202061EC0007200A /* Profile.swift in Sources */,
				BDC0BA18202FA975003131E9 /* NewPostViewController.swift in Sources */,
				301C4EEF1FA85C7300E54F47 /* Photo.swift in Sources */,
				BD2A4EB6200D516F0067CFAE /* News.swift in Sources */,
				308A6EDF2045543C00548D73 /* LastNews.swift in Sources */,
				304458361F97794700D694BA /* FriendsTableViewController.swift in Sources */,
				BD1AF5281FD8579A00C83EBE /* AppState.swift in Sources */,
				BDD79BE82045EA3700CEA7EF /* MyWCSession.swift in Sources */,
				30A3C57D20123BD000B36F78 /* IntExtension.swift in Sources */,
				303A7CB1200F758800F34E2B /* NewsWithoutPhotoTableViewCell.swift in Sources */,
				30726DF820370C7D00E2AE73 /* ChatCell.swift in Sources */,
				BD2A4EBF200D5C370067CFAE /* Profiles.swift in Sources */,
				30726DEC2036B79600E2AE73 /* ChatViewController.swift in Sources */,
				BD2A4EB5200D516F0067CFAE /* Reposts.swift in Sources */,
				303A7CB72010EE5D00F34E2B /* GroupMembers.swift in Sources */,
				BD2A4EB3200D516F0067CFAE /* Likes.swift in Sources */,
				BD2A4EB8200D516F0067CFAE /* Comments.swift in Sources */,
				BD2A4EB2200D516F0067CFAE /* Attachment.swift in Sources */,
				303A7CB92010EED300F34E2B /* VKConstants.swift in Sources */,
				30726DF22036FCEC00E2AE73 /* Message.swift in Sources */,
				30E8D7AC1F949AD300B57F00 /* LoginViewController.swift in Sources */,
				3099BC742003C65300511A5E /* NewsCell.swift in Sources */,
				305016B0204932D100367A53 /* LastNewsWatch.swift in Sources */,
				30113CE51FD6E39100309742 /* AuthService.swift in Sources */,
				30D5C8F42022F31D00025D66 /* CloudDatabase.swift in Sources */,
				30CAFB281F9F4E00002D0BB1 /* GroupsTableViewController.swift in Sources */,
				30CAFB201F9F49A8002D0BB1 /* UserGroupsTableViewController.swift in Sources */,
				BD2A37EF201A4CBA00141053 /* MainTabBarController.swift in Sources */,
				30CAFB261F9F4C25002D0BB1 /* GroupTableViewCell.swift in Sources */,
				30CAFB241F9F4C13002D0BB1 /* UserGroupTableViewCell.swift in Sources */,
				BD2A4EB9200D516F0067CFAE /* NewsPhoto.swift in Sources */,
				30FFAD141F9F23B80026FFF9 /* User.swift in Sources */,
				3099BC662003A78100511A5E /* NewsTableViewController.swift in Sources */,
				30726DF5203708F000E2AE73 /* ReceiverChatTableViewCell.swift in Sources */,
				30FFAD1A1F9F37110026FFF9 /* Group.swift in Sources */,
				30A3C57A2011F17700B36F78 /* Views.swift in Sources */,
				30CAFB1E1F9F3F68002D0BB1 /* FriendPhotoCollectionViewController.swift in Sources */,
				30A3C5822019BB0A00B36F78 /* StoryboardExtension.swift in Sources */,
				BD2A4E911FE5AE300067CFAE /* AlbumPhoto.swift in Sources */,
				30FFAD181F9F29750026FFF9 /* FriendCollectionViewCell.swift in Sources */,
				BD2A4EBB200D52810067CFAE /* NewsResponse.swift in Sources */,
				BD2A4EB1200D516F0067CFAE /* Post_source.swift in Sources */,
				30FFAD161F9F29550026FFF9 /* FriendTableViewCell.swift in Sources */,
				3099BC6D2003AF8E00511A5E /* NewsWithPhotoTableViewCell.swift in Sources */,
				301C4EED1FA849CB00E54F47 /* VKontakteAPI.swift in Sources */,
				30E8D7AA1F949AD200B57F00 /* AppDelegate.swift in Sources */,
				304458381F977A4C00D694BA /* Constants.swift in Sources */,
				30726DEF2036B9BA00E2AE73 /* SenderChatTableViewCell.swift in Sources */,
			);
			runOnlyForDeploymentPostprocessing = 0;
		};
		BDD131BD203F0C7A00B01FBE /* Sources */ = {
			isa = PBXSourcesBuildPhase;
			buildActionMask = 2147483647;
			files = (
				BDD131C6203F0C7B00B01FBE /* TodayViewController.swift in Sources */,
			);
			runOnlyForDeploymentPostprocessing = 0;
		};
		BDD79BC82045E8B000CEA7EF /* Sources */ = {
			isa = PBXSourcesBuildPhase;
			buildActionMask = 2147483647;
			files = (
				BDD79BD62045E8B000CEA7EF /* NotificationController.swift in Sources */,
				308DB9AC2047FB72008DEE7C /* NewsRow.swift in Sources */,
				BDD79BD42045E8B000CEA7EF /* ExtensionDelegate.swift in Sources */,
				BDD79BD22045E8B000CEA7EF /* InterfaceController.swift in Sources */,
				305016AF2049321A00367A53 /* LastNewsWatch.swift in Sources */,
			);
			runOnlyForDeploymentPostprocessing = 0;
		};
/* End PBXSourcesBuildPhase section */

/* Begin PBXTargetDependency section */
		308A6ED52044136700548D73 /* PBXTargetDependency */ = {
			isa = PBXTargetDependency;
			target = 308A6EC72044136600548D73 /* iMessageExtensionPost */;
			targetProxy = 308A6ED42044136700548D73 /* PBXContainerItemProxy */;
		};
		BDD131CC203F0C7B00B01FBE /* PBXTargetDependency */ = {
			isa = PBXTargetDependency;
			target = BDD131C0203F0C7A00B01FBE /* FriendsTodayExtenstion */;
			targetProxy = BDD131CB203F0C7B00B01FBE /* PBXContainerItemProxy */;
		};
		BDD79BCF2045E8B000CEA7EF /* PBXTargetDependency */ = {
			isa = PBXTargetDependency;
			target = BDD79BCB2045E8B000CEA7EF /* Watch Extension */;
			targetProxy = BDD79BCE2045E8B000CEA7EF /* PBXContainerItemProxy */;
		};
		BDD79BDC2045E8B100CEA7EF /* PBXTargetDependency */ = {
			isa = PBXTargetDependency;
			target = BDD79BBF2045E8B000CEA7EF /* Watch */;
			targetProxy = BDD79BDB2045E8B100CEA7EF /* PBXContainerItemProxy */;
		};
/* End PBXTargetDependency section */

/* Begin PBXVariantGroup section */
		308A6ECE2044136700548D73 /* MainInterface.storyboard */ = {
			isa = PBXVariantGroup;
			children = (
				308A6ECF2044136700548D73 /* Base */,
			);
			name = MainInterface.storyboard;
			sourceTree = "<group>";
		};
		30E8D7AD1F949AD300B57F00 /* Main.storyboard */ = {
			isa = PBXVariantGroup;
			children = (
				30E8D7AE1F949AD300B57F00 /* Base */,
			);
			name = Main.storyboard;
			sourceTree = "<group>";
		};
		30E8D7B21F949AD300B57F00 /* LaunchScreen.storyboard */ = {
			isa = PBXVariantGroup;
			children = (
				30E8D7B31F949AD300B57F00 /* Base */,
			);
			name = LaunchScreen.storyboard;
			sourceTree = "<group>";
		};
		BDD131C7203F0C7B00B01FBE /* MainInterface.storyboard */ = {
			isa = PBXVariantGroup;
			children = (
				BDD131C8203F0C7B00B01FBE /* Base */,
			);
			name = MainInterface.storyboard;
			sourceTree = "<group>";
		};
		BDD79BC22045E8B000CEA7EF /* Interface.storyboard */ = {
			isa = PBXVariantGroup;
			children = (
				BDD79BC32045E8B000CEA7EF /* Base */,
			);
			name = Interface.storyboard;
			sourceTree = "<group>";
		};
/* End PBXVariantGroup section */

/* Begin XCBuildConfiguration section */
		308A6ED72044136700548D73 /* Debug */ = {
			isa = XCBuildConfiguration;
			baseConfigurationReference = EEA8E73C047D05EE2EFBF4E8 /* Pods-iMessageExtensionPost.debug.xcconfig */;
			buildSettings = {
				ASSETCATALOG_COMPILER_APPICON_NAME = "iMessage App Icon";
				CODE_SIGN_ENTITLEMENTS = iMessageExtensionPost/iMessageExtensionPost.entitlements;
				CODE_SIGN_STYLE = Automatic;
				DEVELOPMENT_TEAM = M5WRXU7FEB;
				INFOPLIST_FILE = iMessageExtensionPost/Info.plist;
				IPHONEOS_DEPLOYMENT_TARGET = 11.1;
				LD_RUNPATH_SEARCH_PATHS = "$(inherited) @executable_path/Frameworks @executable_path/../../Frameworks";
				PRODUCT_BUNDLE_IDENTIFIER = ibo.MyApp.iMessageExtensionPost;
				PRODUCT_NAME = "$(TARGET_NAME)";
				SKIP_INSTALL = YES;
				SWIFT_VERSION = 4.0;
				TARGETED_DEVICE_FAMILY = "1,2";
			};
			name = Debug;
		};
		308A6ED82044136700548D73 /* Release */ = {
			isa = XCBuildConfiguration;
			baseConfigurationReference = BB7658669BDB40400BF3CF8E /* Pods-iMessageExtensionPost.release.xcconfig */;
			buildSettings = {
				ASSETCATALOG_COMPILER_APPICON_NAME = "iMessage App Icon";
				CODE_SIGN_ENTITLEMENTS = iMessageExtensionPost/iMessageExtensionPost.entitlements;
				CODE_SIGN_STYLE = Automatic;
				DEVELOPMENT_TEAM = M5WRXU7FEB;
				INFOPLIST_FILE = iMessageExtensionPost/Info.plist;
				IPHONEOS_DEPLOYMENT_TARGET = 11.1;
				LD_RUNPATH_SEARCH_PATHS = "$(inherited) @executable_path/Frameworks @executable_path/../../Frameworks";
				PRODUCT_BUNDLE_IDENTIFIER = ibo.MyApp.iMessageExtensionPost;
				PRODUCT_NAME = "$(TARGET_NAME)";
				SKIP_INSTALL = YES;
				SWIFT_VERSION = 4.0;
				TARGETED_DEVICE_FAMILY = "1,2";
			};
			name = Release;
		};
		30E8D7B61F949AD300B57F00 /* Debug */ = {
			isa = XCBuildConfiguration;
			buildSettings = {
				ALWAYS_SEARCH_USER_PATHS = NO;
				CLANG_ANALYZER_NONNULL = YES;
				CLANG_ANALYZER_NUMBER_OBJECT_CONVERSION = YES_AGGRESSIVE;
				CLANG_CXX_LANGUAGE_STANDARD = "gnu++14";
				CLANG_CXX_LIBRARY = "libc++";
				CLANG_ENABLE_MODULES = YES;
				CLANG_ENABLE_OBJC_ARC = YES;
				CLANG_WARN_BLOCK_CAPTURE_AUTORELEASING = YES;
				CLANG_WARN_BOOL_CONVERSION = YES;
				CLANG_WARN_COMMA = YES;
				CLANG_WARN_CONSTANT_CONVERSION = YES;
				CLANG_WARN_DIRECT_OBJC_ISA_USAGE = YES_ERROR;
				CLANG_WARN_DOCUMENTATION_COMMENTS = YES;
				CLANG_WARN_EMPTY_BODY = YES;
				CLANG_WARN_ENUM_CONVERSION = YES;
				CLANG_WARN_INFINITE_RECURSION = YES;
				CLANG_WARN_INT_CONVERSION = YES;
				CLANG_WARN_NON_LITERAL_NULL_CONVERSION = YES;
				CLANG_WARN_OBJC_LITERAL_CONVERSION = YES;
				CLANG_WARN_OBJC_ROOT_CLASS = YES_ERROR;
				CLANG_WARN_RANGE_LOOP_ANALYSIS = YES;
				CLANG_WARN_STRICT_PROTOTYPES = YES;
				CLANG_WARN_SUSPICIOUS_MOVE = YES;
				CLANG_WARN_UNGUARDED_AVAILABILITY = YES_AGGRESSIVE;
				CLANG_WARN_UNREACHABLE_CODE = YES;
				CLANG_WARN__DUPLICATE_METHOD_MATCH = YES;
				CODE_SIGN_IDENTITY = "iPhone Developer";
				COPY_PHASE_STRIP = NO;
				DEBUG_INFORMATION_FORMAT = dwarf;
				ENABLE_STRICT_OBJC_MSGSEND = YES;
				ENABLE_TESTABILITY = YES;
				GCC_C_LANGUAGE_STANDARD = gnu11;
				GCC_DYNAMIC_NO_PIC = NO;
				GCC_NO_COMMON_BLOCKS = YES;
				GCC_OPTIMIZATION_LEVEL = 0;
				GCC_PREPROCESSOR_DEFINITIONS = (
					"DEBUG=1",
					"$(inherited)",
				);
				GCC_WARN_64_TO_32_BIT_CONVERSION = YES;
				GCC_WARN_ABOUT_RETURN_TYPE = YES_ERROR;
				GCC_WARN_UNDECLARED_SELECTOR = YES;
				GCC_WARN_UNINITIALIZED_AUTOS = YES_AGGRESSIVE;
				GCC_WARN_UNUSED_FUNCTION = YES;
				GCC_WARN_UNUSED_VARIABLE = YES;
				IPHONEOS_DEPLOYMENT_TARGET = 11.0;
				MTL_ENABLE_DEBUG_INFO = YES;
				ONLY_ACTIVE_ARCH = YES;
				SDKROOT = iphoneos;
				SWIFT_ACTIVE_COMPILATION_CONDITIONS = DEBUG;
				SWIFT_OPTIMIZATION_LEVEL = "-Onone";
			};
			name = Debug;
		};
		30E8D7B71F949AD300B57F00 /* Release */ = {
			isa = XCBuildConfiguration;
			buildSettings = {
				ALWAYS_SEARCH_USER_PATHS = NO;
				CLANG_ANALYZER_NONNULL = YES;
				CLANG_ANALYZER_NUMBER_OBJECT_CONVERSION = YES_AGGRESSIVE;
				CLANG_CXX_LANGUAGE_STANDARD = "gnu++14";
				CLANG_CXX_LIBRARY = "libc++";
				CLANG_ENABLE_MODULES = YES;
				CLANG_ENABLE_OBJC_ARC = YES;
				CLANG_WARN_BLOCK_CAPTURE_AUTORELEASING = YES;
				CLANG_WARN_BOOL_CONVERSION = YES;
				CLANG_WARN_COMMA = YES;
				CLANG_WARN_CONSTANT_CONVERSION = YES;
				CLANG_WARN_DIRECT_OBJC_ISA_USAGE = YES_ERROR;
				CLANG_WARN_DOCUMENTATION_COMMENTS = YES;
				CLANG_WARN_EMPTY_BODY = YES;
				CLANG_WARN_ENUM_CONVERSION = YES;
				CLANG_WARN_INFINITE_RECURSION = YES;
				CLANG_WARN_INT_CONVERSION = YES;
				CLANG_WARN_NON_LITERAL_NULL_CONVERSION = YES;
				CLANG_WARN_OBJC_LITERAL_CONVERSION = YES;
				CLANG_WARN_OBJC_ROOT_CLASS = YES_ERROR;
				CLANG_WARN_RANGE_LOOP_ANALYSIS = YES;
				CLANG_WARN_STRICT_PROTOTYPES = YES;
				CLANG_WARN_SUSPICIOUS_MOVE = YES;
				CLANG_WARN_UNGUARDED_AVAILABILITY = YES_AGGRESSIVE;
				CLANG_WARN_UNREACHABLE_CODE = YES;
				CLANG_WARN__DUPLICATE_METHOD_MATCH = YES;
				CODE_SIGN_IDENTITY = "iPhone Developer";
				COPY_PHASE_STRIP = NO;
				DEBUG_INFORMATION_FORMAT = "dwarf-with-dsym";
				ENABLE_NS_ASSERTIONS = NO;
				ENABLE_STRICT_OBJC_MSGSEND = YES;
				GCC_C_LANGUAGE_STANDARD = gnu11;
				GCC_NO_COMMON_BLOCKS = YES;
				GCC_WARN_64_TO_32_BIT_CONVERSION = YES;
				GCC_WARN_ABOUT_RETURN_TYPE = YES_ERROR;
				GCC_WARN_UNDECLARED_SELECTOR = YES;
				GCC_WARN_UNINITIALIZED_AUTOS = YES_AGGRESSIVE;
				GCC_WARN_UNUSED_FUNCTION = YES;
				GCC_WARN_UNUSED_VARIABLE = YES;
				IPHONEOS_DEPLOYMENT_TARGET = 11.0;
				MTL_ENABLE_DEBUG_INFO = NO;
				SDKROOT = iphoneos;
				SWIFT_OPTIMIZATION_LEVEL = "-Owholemodule";
				VALIDATE_PRODUCT = YES;
			};
			name = Release;
		};
		30E8D7B91F949AD300B57F00 /* Debug */ = {
			isa = XCBuildConfiguration;
			baseConfigurationReference = D071CC447F63337086E7CD3B /* Pods-MyApp.debug.xcconfig */;
			buildSettings = {
				ALWAYS_EMBED_SWIFT_STANDARD_LIBRARIES = YES;
				ASSETCATALOG_COMPILER_APPICON_NAME = AppIcon;
				ASSETCATALOG_COMPILER_LAUNCHIMAGE_NAME = LaunchImage;
				CODE_SIGN_ENTITLEMENTS = MyApp/MyApp.entitlements;
				CODE_SIGN_STYLE = Automatic;
				DEVELOPMENT_TEAM = M5WRXU7FEB;
				INFOPLIST_FILE = "$(SRCROOT)/MyApp/Supporting files/Info.plist";
				LD_RUNPATH_SEARCH_PATHS = "$(inherited) @executable_path/Frameworks";
				PRODUCT_BUNDLE_IDENTIFIER = ibo.MyApp;
				PRODUCT_NAME = "$(TARGET_NAME)";
				SWIFT_VERSION = 4.0;
				TARGETED_DEVICE_FAMILY = "1,2";
			};
			name = Debug;
		};
		30E8D7BA1F949AD300B57F00 /* Release */ = {
			isa = XCBuildConfiguration;
			baseConfigurationReference = A4C2CC9912F16CF570D3672D /* Pods-MyApp.release.xcconfig */;
			buildSettings = {
				ALWAYS_EMBED_SWIFT_STANDARD_LIBRARIES = YES;
				ASSETCATALOG_COMPILER_APPICON_NAME = AppIcon;
				ASSETCATALOG_COMPILER_LAUNCHIMAGE_NAME = LaunchImage;
				CODE_SIGN_ENTITLEMENTS = MyApp/MyApp.entitlements;
				CODE_SIGN_STYLE = Automatic;
				DEVELOPMENT_TEAM = M5WRXU7FEB;
				INFOPLIST_FILE = "$(SRCROOT)/MyApp/Supporting files/Info.plist";
				LD_RUNPATH_SEARCH_PATHS = "$(inherited) @executable_path/Frameworks";
				PRODUCT_BUNDLE_IDENTIFIER = ibo.MyApp;
				PRODUCT_NAME = "$(TARGET_NAME)";
				SWIFT_VERSION = 4.0;
				TARGETED_DEVICE_FAMILY = "1,2";
			};
			name = Release;
		};
		BDD131CE203F0C7B00B01FBE /* Debug */ = {
			isa = XCBuildConfiguration;
			baseConfigurationReference = A5525D75092CD717CACA12E4 /* Pods-FriendsTodayExtenstion.debug.xcconfig */;
			buildSettings = {
				ALWAYS_EMBED_SWIFT_STANDARD_LIBRARIES = "$(inherited)";
				CODE_SIGN_ENTITLEMENTS = FriendsTodayExtenstion/FriendsTodayExtenstion.entitlements;
				CODE_SIGN_STYLE = Automatic;
				DEVELOPMENT_TEAM = M5WRXU7FEB;
				INFOPLIST_FILE = FriendsTodayExtenstion/Info.plist;
				IPHONEOS_DEPLOYMENT_TARGET = 11.2;
				LD_RUNPATH_SEARCH_PATHS = "$(inherited) @executable_path/Frameworks @executable_path/../../Frameworks";
				PRODUCT_BUNDLE_IDENTIFIER = ibo.MyApp.FriendsTodayExtenstion;
				PRODUCT_NAME = "$(TARGET_NAME)";
				SKIP_INSTALL = YES;
				SWIFT_VERSION = 4.0;
				TARGETED_DEVICE_FAMILY = "1,2";
			};
			name = Debug;
		};
		BDD131CF203F0C7B00B01FBE /* Release */ = {
			isa = XCBuildConfiguration;
			baseConfigurationReference = B70018DEF63ADBA426E64ED9 /* Pods-FriendsTodayExtenstion.release.xcconfig */;
			buildSettings = {
				ALWAYS_EMBED_SWIFT_STANDARD_LIBRARIES = "$(inherited)";
				CODE_SIGN_ENTITLEMENTS = FriendsTodayExtenstion/FriendsTodayExtenstion.entitlements;
				CODE_SIGN_STYLE = Automatic;
				DEVELOPMENT_TEAM = M5WRXU7FEB;
				INFOPLIST_FILE = FriendsTodayExtenstion/Info.plist;
				IPHONEOS_DEPLOYMENT_TARGET = 11.2;
				LD_RUNPATH_SEARCH_PATHS = "$(inherited) @executable_path/Frameworks @executable_path/../../Frameworks";
				PRODUCT_BUNDLE_IDENTIFIER = ibo.MyApp.FriendsTodayExtenstion;
				PRODUCT_NAME = "$(TARGET_NAME)";
				SKIP_INSTALL = YES;
				SWIFT_VERSION = 4.0;
				TARGETED_DEVICE_FAMILY = "1,2";
			};
			name = Release;
		};
		BDD79BDE2045E8B100CEA7EF /* Debug */ = {
			isa = XCBuildConfiguration;
			buildSettings = {
				ALWAYS_EMBED_SWIFT_STANDARD_LIBRARIES = YES;
				ASSETCATALOG_COMPILER_APPICON_NAME = AppIcon;
				CODE_SIGN_STYLE = Automatic;
				DEVELOPMENT_TEAM = M5WRXU7FEB;
				IBSC_MODULE = Watch_Extension;
				INFOPLIST_FILE = Watch/Info.plist;
				PRODUCT_BUNDLE_IDENTIFIER = ibo.MyApp.watchkitapp;
				PRODUCT_NAME = "$(TARGET_NAME)";
				SDKROOT = watchos;
				SKIP_INSTALL = YES;
				SWIFT_VERSION = 4.0;
				TARGETED_DEVICE_FAMILY = 4;
				WATCHOS_DEPLOYMENT_TARGET = 4.1;
			};
			name = Debug;
		};
		BDD79BDF2045E8B100CEA7EF /* Release */ = {
			isa = XCBuildConfiguration;
			buildSettings = {
				ALWAYS_EMBED_SWIFT_STANDARD_LIBRARIES = YES;
				ASSETCATALOG_COMPILER_APPICON_NAME = AppIcon;
				CODE_SIGN_STYLE = Automatic;
				DEVELOPMENT_TEAM = M5WRXU7FEB;
				IBSC_MODULE = Watch_Extension;
				INFOPLIST_FILE = Watch/Info.plist;
				PRODUCT_BUNDLE_IDENTIFIER = ibo.MyApp.watchkitapp;
				PRODUCT_NAME = "$(TARGET_NAME)";
				SDKROOT = watchos;
				SKIP_INSTALL = YES;
				SWIFT_VERSION = 4.0;
				TARGETED_DEVICE_FAMILY = 4;
				WATCHOS_DEPLOYMENT_TARGET = 4.1;
			};
			name = Release;
		};
		BDD79BE02045E8B100CEA7EF /* Debug */ = {
			isa = XCBuildConfiguration;
			buildSettings = {
				ASSETCATALOG_COMPILER_COMPLICATION_NAME = Complication;
				CODE_SIGN_STYLE = Automatic;
				DEVELOPMENT_TEAM = M5WRXU7FEB;
				INFOPLIST_FILE = "Watch Extension/Info.plist";
				LD_RUNPATH_SEARCH_PATHS = "$(inherited) @executable_path/Frameworks @executable_path/../../Frameworks";
				PRODUCT_BUNDLE_IDENTIFIER = ibo.MyApp.watchkitapp.watchkitextension;
				PRODUCT_NAME = "${TARGET_NAME}";
				SDKROOT = watchos;
				SKIP_INSTALL = YES;
				SWIFT_VERSION = 4.0;
				TARGETED_DEVICE_FAMILY = 4;
				WATCHOS_DEPLOYMENT_TARGET = 4.1;
			};
			name = Debug;
		};
		BDD79BE12045E8B100CEA7EF /* Release */ = {
			isa = XCBuildConfiguration;
			buildSettings = {
				ASSETCATALOG_COMPILER_COMPLICATION_NAME = Complication;
				CODE_SIGN_STYLE = Automatic;
				DEVELOPMENT_TEAM = M5WRXU7FEB;
				INFOPLIST_FILE = "Watch Extension/Info.plist";
				LD_RUNPATH_SEARCH_PATHS = "$(inherited) @executable_path/Frameworks @executable_path/../../Frameworks";
				PRODUCT_BUNDLE_IDENTIFIER = ibo.MyApp.watchkitapp.watchkitextension;
				PRODUCT_NAME = "${TARGET_NAME}";
				SDKROOT = watchos;
				SKIP_INSTALL = YES;
				SWIFT_VERSION = 4.0;
				TARGETED_DEVICE_FAMILY = 4;
				WATCHOS_DEPLOYMENT_TARGET = 4.1;
			};
			name = Release;
		};
/* End XCBuildConfiguration section */

/* Begin XCConfigurationList section */
		308A6ED92044136700548D73 /* Build configuration list for PBXNativeTarget "iMessageExtensionPost" */ = {
			isa = XCConfigurationList;
			buildConfigurations = (
				308A6ED72044136700548D73 /* Debug */,
				308A6ED82044136700548D73 /* Release */,
			);
			defaultConfigurationIsVisible = 0;
			defaultConfigurationName = Release;
		};
		30E8D7A11F949AD200B57F00 /* Build configuration list for PBXProject "MyApp" */ = {
			isa = XCConfigurationList;
			buildConfigurations = (
				30E8D7B61F949AD300B57F00 /* Debug */,
				30E8D7B71F949AD300B57F00 /* Release */,
			);
			defaultConfigurationIsVisible = 0;
			defaultConfigurationName = Release;
		};
		30E8D7B81F949AD300B57F00 /* Build configuration list for PBXNativeTarget "MyApp" */ = {
			isa = XCConfigurationList;
			buildConfigurations = (
				30E8D7B91F949AD300B57F00 /* Debug */,
				30E8D7BA1F949AD300B57F00 /* Release */,
			);
			defaultConfigurationIsVisible = 0;
			defaultConfigurationName = Release;
		};
		BDD131D0203F0C7B00B01FBE /* Build configuration list for PBXNativeTarget "FriendsTodayExtenstion" */ = {
			isa = XCConfigurationList;
			buildConfigurations = (
				BDD131CE203F0C7B00B01FBE /* Debug */,
				BDD131CF203F0C7B00B01FBE /* Release */,
			);
			defaultConfigurationIsVisible = 0;
			defaultConfigurationName = Release;
		};
		BDD79BE22045E8B100CEA7EF /* Build configuration list for PBXNativeTarget "Watch Extension" */ = {
			isa = XCConfigurationList;
			buildConfigurations = (
				BDD79BE02045E8B100CEA7EF /* Debug */,
				BDD79BE12045E8B100CEA7EF /* Release */,
			);
			defaultConfigurationIsVisible = 0;
			defaultConfigurationName = Release;
		};
		BDD79BE42045E8B100CEA7EF /* Build configuration list for PBXNativeTarget "Watch" */ = {
			isa = XCConfigurationList;
			buildConfigurations = (
				BDD79BDE2045E8B100CEA7EF /* Debug */,
				BDD79BDF2045E8B100CEA7EF /* Release */,
			);
			defaultConfigurationIsVisible = 0;
			defaultConfigurationName = Release;
		};
/* End XCConfigurationList section */
	};
	rootObject = 30E8D79E1F949AD200B57F00 /* Project object */;
}
